version = 1
revision = 3
requires-python = "==3.10.15"

[[package]]
name = "astroid"
version = "4.0.4"
source = { registry = "https://pypi.org/simple" }
dependencies = [
    { name = "typing-extensions" },
]
sdist = { url = "https://files.pythonhosted.org/packages/07/63/0adf26577da5eff6eb7a177876c1cfa213856be9926a000f65c4add9692b/astroid-4.0.4.tar.gz", hash = "sha256:986fed8bcf79fb82c78b18a53352a0b287a73817d6dbcfba3162da36667c49a0", size = 406358, upload-time = "2026-02-07T23:35:07.509Z" }
wheels = [
    { url = "https://files.pythonhosted.org/packages/b0/cf/1c5f42b110e57bc5502eb80dbc3b03d256926062519224835ef08134f1f9/astroid-4.0.4-py3-none-any.whl", hash = "sha256:52f39653876c7dec3e3afd4c2696920e05c83832b9737afc21928f2d2eb7a753", size = 276445, upload-time = "2026-02-07T23:35:05.344Z" },
]

[[package]]
name = "certifi"
version = "2026.2.25"
source = { registry = "https://pypi.org/simple" }
sdist = { url = "https://files.pythonhosted.org/packages/af/2d/7bf41579a8986e348fa033a31cdd0e4121114f6bce2457e8876010b092dd/certifi-2026.2.25.tar.gz", hash = "sha256:e887ab5cee78ea814d3472169153c2d12cd43b14bd03329a39a9c6e2e80bfba7", size = 155029, upload-time = "2026-02-25T02:54:17.342Z" }
wheels = [
    { url = "https://files.pythonhosted.org/packages/9a/3c/c17fb3ca2d9c3acff52e30b309f538586f9f5b9c9cf454f3845fc9af4881/certifi-2026.2.25-py3-none-any.whl", hash = "sha256:027692e4402ad994f1c42e52a4997a9763c646b73e4096e4d5d6db8af1d6f0fa", size = 153684, upload-time = "2026-02-25T02:54:15.766Z" },
]

[[package]]
name = "charset-normalizer"
version = "3.4.6"
source = { registry = "https://pypi.org/simple" }
sdist = { url = "https://files.pythonhosted.org/packages/7b/60/e3bec1881450851b087e301bedc3daa9377a4d45f1c26aa90b0b235e38aa/charset_normalizer-3.4.6.tar.gz", hash = "sha256:1ae6b62897110aa7c79ea2f5dd38d1abca6db663687c0b1ad9aed6f6bae3d9d6", size = 143363, upload-time = "2026-03-15T18:53:25.478Z" }
wheels = [
    { url = "https://files.pythonhosted.org/packages/e6/8c/2c56124c6dc53a774d435f985b5973bc592f42d437be58c0c92d65ae7296/charset_normalizer-3.4.6-cp310-cp310-macosx_10_9_universal2.whl", hash = "sha256:2e1d8ca8611099001949d1cdfaefc510cf0f212484fe7c565f735b68c78c3c95", size = 298751, upload-time = "2026-03-15T18:50:00.003Z" },
    { url = "https://files.pythonhosted.org/packages/86/2a/2a7db6b314b966a3bcad8c731c0719c60b931b931de7ae9f34b2839289ee/charset_normalizer-3.4.6-cp310-cp310-manylinux2014_aarch64.manylinux_2_17_aarch64.manylinux_2_28_aarch64.whl", hash = "sha256:e25369dc110d58ddf29b949377a93e0716d72a24f62bad72b2b39f155949c1fd", size = 200027, upload-time = "2026-03-15T18:50:01.702Z" },
    { url = "https://files.pythonhosted.org/packages/68/f2/0fe775c74ae25e2a3b07b01538fc162737b3e3f795bada3bc26f4d4d495c/charset_normalizer-3.4.6-cp310-cp310-manylinux2014_ppc64le.manylinux_2_17_ppc64le.manylinux_2_28_ppc64le.whl", hash = "sha256:259695e2ccc253feb2a016303543d691825e920917e31f894ca1a687982b1de4", size = 220741, upload-time = "2026-03-15T18:50:03.194Z" },
    { url = "https://files.pythonhosted.org/packages/10/98/8085596e41f00b27dd6aa1e68413d1ddda7e605f34dd546833c61fddd709/charset_normalizer-3.4.6-cp310-cp310-manylinux2014_s390x.manylinux_2_17_s390x.manylinux_2_28_s390x.whl", hash = "sha256:dda86aba335c902b6149a02a55b38e96287157e609200811837678214ba2b1db", size = 215802, upload-time = "2026-03-15T18:50:05.859Z" },
    { url = "https://files.pythonhosted.org/packages/fd/ce/865e4e09b041bad659d682bbd98b47fb490b8e124f9398c9448065f64fee/charset_normalizer-3.4.6-cp310-cp310-manylinux2014_x86_64.manylinux_2_17_x86_64.manylinux_2_28_x86_64.whl", hash = "sha256:51fb3c322c81d20567019778cb5a4a6f2dc1c200b886bc0d636238e364848c89", size = 207908, upload-time = "2026-03-15T18:50:07.676Z" },
    { url = "https://files.pythonhosted.org/packages/a8/54/8c757f1f7349262898c2f169e0d562b39dcb977503f18fdf0814e923db78/charset_normalizer-3.4.6-cp310-cp310-manylinux_2_31_armv7l.whl", hash = "sha256:4482481cb0572180b6fd976a4d5c72a30263e98564da68b86ec91f0fe35e8565", size = 194357, upload-time = "2026-03-15T18:50:09.327Z" },
    { url = "https://files.pythonhosted.org/packages/6f/29/e88f2fac9218907fc7a70722b393d1bbe8334c61fe9c46640dba349b6e66/charset_normalizer-3.4.6-cp310-cp310-manylinux_2_31_riscv64.manylinux_2_39_riscv64.whl", hash = "sha256:39f5068d35621da2881271e5c3205125cc456f54e9030d3f723288c873a71bf9", size = 205610, upload-time = "2026-03-15T18:50:10.732Z" },
    { url = "https://files.pythonhosted.org/packages/4c/c5/21d7bb0cb415287178450171d130bed9d664211fdd59731ed2c34267b07d/charset_normalizer-3.4.6-cp310-cp310-musllinux_1_2_aarch64.whl", hash = "sha256:8bea55c4eef25b0b19a0337dc4e3f9a15b00d569c77211fa8cde38684f234fb7", size = 203512, upload-time = "2026-03-15T18:50:12.535Z" },
    { url = "https://files.pythonhosted.org/packages/a4/be/ce52f3c7fdb35cc987ad38a53ebcef52eec498f4fb6c66ecfe62cfe57ba2/charset_normalizer-3.4.6-cp310-cp310-musllinux_1_2_armv7l.whl", hash = "sha256:f0cdaecd4c953bfae0b6bb64910aaaca5a424ad9c72d85cb88417bb9814f7550", size = 195398, upload-time = "2026-03-15T18:50:14.236Z" },
    { url = "https://files.pythonhosted.org/packages/81/a0/3ab5dd39d4859a3555e5dadfc8a9fa7f8352f8c183d1a65c90264517da0e/charset_normalizer-3.4.6-cp310-cp310-musllinux_1_2_ppc64le.whl", hash = "sha256:150b8ce8e830eb7ccb029ec9ca36022f756986aaaa7956aad6d9ec90089338c0", size = 221772, upload-time = "2026-03-15T18:50:15.581Z" },
    { url = "https://files.pythonhosted.org/packages/04/6e/6a4e41a97ba6b2fa87f849c41e4d229449a586be85053c4d90135fe82d26/charset_normalizer-3.4.6-cp310-cp310-musllinux_1_2_riscv64.whl", hash = "sha256:e68c14b04827dd76dcbd1aeea9e604e3e4b78322d8faf2f8132c7138efa340a8", size = 205759, upload-time = "2026-03-15T18:50:17.047Z" },
    { url = "https://files.pythonhosted.org/packages/db/3b/34a712a5ee64a6957bf355b01dc17b12de457638d436fdb05d01e463cd1c/charset_normalizer-3.4.6-cp310-cp310-musllinux_1_2_s390x.whl", hash = "sha256:3778fd7d7cd04ae8f54651f4a7a0bd6e39a0cf20f801720a4c21d80e9b7ad6b0", size = 216938, upload-time = "2026-03-15T18:50:18.44Z" },
    { url = "https://files.pythonhosted.org/packages/cb/05/5bd1e12da9ab18790af05c61aafd01a60f489778179b621ac2a305243c62/charset_normalizer-3.4.6-cp310-cp310-musllinux_1_2_x86_64.whl", hash = "sha256:dad6e0f2e481fffdcf776d10ebee25e0ef89f16d691f1e5dee4b586375fdc64b", size = 210138, upload-time = "2026-03-15T18:50:19.852Z" },
    { url = "https://files.pythonhosted.org/packages/bd/8e/3cb9e2d998ff6b21c0a1860343cb7b83eba9cdb66b91410e18fc4969d6ab/charset_normalizer-3.4.6-cp310-cp310-win32.whl", hash = "sha256:74a2e659c7ecbc73562e2a15e05039f1e22c75b7c7618b4b574a3ea9118d1557", size = 144137, upload-time = "2026-03-15T18:50:21.505Z" },
    { url = "https://files.pythonhosted.org/packages/d8/8f/78f5489ffadb0db3eb7aff53d31c24531d33eb545f0c6f6567c25f49a5ff/charset_normalizer-3.4.6-cp310-cp310-win_amd64.whl", hash = "sha256:aa9cccf4a44b9b62d8ba8b4dd06c649ba683e4bf04eea606d2e94cfc2d6ff4d6", size = 154244, upload-time = "2026-03-15T18:50:22.81Z" },
    { url = "https://files.pythonhosted.org/packages/e4/74/e472659dffb0cadb2f411282d2d76c60da1fc94076d7fffed4ae8a93ec01/charset_normalizer-3.4.6-cp310-cp310-win_arm64.whl", hash = "sha256:e985a16ff513596f217cee86c21371b8cd011c0f6f056d0920aa2d926c544058", size = 143312, upload-time = "2026-03-15T18:50:24.074Z" },
    { url = "https://files.pythonhosted.org/packages/2a/68/687187c7e26cb24ccbd88e5069f5ef00eba804d36dde11d99aad0838ab45/charset_normalizer-3.4.6-py3-none-any.whl", hash = "sha256:947cf925bc916d90adba35a64c82aace04fa39b46b52d4630ece166655905a69", size = 61455, upload-time = "2026-03-15T18:53:23.833Z" },
]

[[package]]
name = "colorama"
version = "0.4.6"
source = { registry = "https://pypi.org/simple" }
sdist = { url = "https://files.pythonhosted.org/packages/d8/53/6f443c9a4a8358a93a6792e2acffb9d9d5cb0a5cfd8802644b7b1c9a02e4/colorama-0.4.6.tar.gz", hash = "sha256:08695f5cb7ed6e0531a20572697297273c47b8cae5a63ffc6d6ed5c201be6e44", size = 27697, upload-time = "2022-10-25T02:36:22.414Z" }
wheels = [
    { url = "https://files.pythonhosted.org/packages/d1/d6/3965ed04c63042e047cb6a3e6ed1a63a35087b6a609aa3a15ed8ac56c221/colorama-0.4.6-py2.py3-none-any.whl", hash = "sha256:4f1d9991f5acc0ca119f9d443620b77f9d6b33703e51011c16baf57afb285fc6", size = 25335, upload-time = "2022-10-25T02:36:20.889Z" },
]

[[package]]
name = "coverage"
version = "7.13.5"
source = { registry = "https://pypi.org/simple" }
sdist = { url = "https://files.pythonhosted.org/packages/9d/e0/70553e3000e345daff267cec284ce4cbf3fc141b6da229ac52775b5428f1/coverage-7.13.5.tar.gz", hash = "sha256:c81f6515c4c40141f83f502b07bbfa5c240ba25bbe73da7b33f1e5b6120ff179", size = 915967, upload-time = "2026-03-17T10:33:18.341Z" }
wheels = [
    { url = "https://files.pythonhosted.org/packages/69/33/e8c48488c29a73fd089f9d71f9653c1be7478f2ad6b5bc870db11a55d23d/coverage-7.13.5-cp310-cp310-macosx_10_9_x86_64.whl", hash = "sha256:e0723d2c96324561b9aa76fb982406e11d93cdb388a7a7da2b16e04719cf7ca5", size = 219255, upload-time = "2026-03-17T10:29:51.081Z" },
    { url = "https://files.pythonhosted.org/packages/da/bd/b0ebe9f677d7f4b74a3e115eec7ddd4bcf892074963a00d91e8b164a6386/coverage-7.13.5-cp310-cp310-macosx_11_0_arm64.whl", hash = "sha256:52f444e86475992506b32d4e5ca55c24fc88d73bcbda0e9745095b28ef4dc0cf", size = 219772, upload-time = "2026-03-17T10:29:52.867Z" },
    { url = "https://files.pythonhosted.org/packages/48/cc/5cb9502f4e01972f54eedd48218bb203fe81e294be606a2bc93970208013/coverage-7.13.5-cp310-cp310-manylinux1_i686.manylinux_2_28_i686.manylinux_2_5_i686.whl", hash = "sha256:704de6328e3d612a8f6c07000a878ff38181ec3263d5a11da1db294fa6a9bdf8", size = 246532, upload-time = "2026-03-17T10:29:54.688Z" },
    { url = "https://files.pythonhosted.org/packages/7d/d8/3217636d86c7e7b12e126e4f30ef1581047da73140614523af7495ed5f2d/coverage-7.13.5-cp310-cp310-manylinux1_x86_64.manylinux_2_28_x86_64.manylinux_2_5_x86_64.whl", hash = "sha256:a1a6d79a14e1ec1832cabc833898636ad5f3754a678ef8bb4908515208bf84f4", size = 248333, upload-time = "2026-03-17T10:29:56.221Z" },
    { url = "https://files.pythonhosted.org/packages/2b/30/2002ac6729ba2d4357438e2ed3c447ad8562866c8c63fc16f6dfc33afe56/coverage-7.13.5-cp310-cp310-manylinux2014_aarch64.manylinux_2_17_aarch64.manylinux_2_28_aarch64.whl", hash = "sha256:79060214983769c7ba3f0cee10b54c97609dca4d478fa1aa32b914480fd5738d", size = 250211, upload-time = "2026-03-17T10:29:57.938Z" },
    { url = "https://files.pythonhosted.org/packages/6c/85/552496626d6b9359eb0e2f86f920037c9cbfba09b24d914c6e1528155f7d/coverage-7.13.5-cp310-cp310-manylinux2014_ppc64le.manylinux_2_17_ppc64le.manylinux_2_28_ppc64le.whl", hash = "sha256:356e76b46783a98c2a2fe81ec79df4883a1e62895ea952968fb253c114e7f930", size = 252125, upload-time = "2026-03-17T10:29:59.388Z" },
    { url = "https://files.pythonhosted.org/packages/44/21/40256eabdcbccdb6acf6b381b3016a154399a75fe39d406f790ae84d1f3c/coverage-7.13.5-cp310-cp310-manylinux_2_31_riscv64.manylinux_2_39_riscv64.whl", hash = "sha256:0cef0cdec915d11254a7f549c1170afecce708d30610c6abdded1f74e581666d", size = 247219, upload-time = "2026-03-17T10:30:01.199Z" },
    { url = "https://files.pythonhosted.org/packages/b1/e8/96e2a6c3f21a0ea77d7830b254a1542d0328acc8d7bdf6a284ba7e529f77/coverage-7.13.5-cp310-cp310-musllinux_1_2_aarch64.whl", hash = "sha256:dc022073d063b25a402454e5712ef9e007113e3a676b96c5f29b2bda29352f40", size = 248248, upload-time = "2026-03-17T10:30:03.317Z" },
    { url = "https://files.pythonhosted.org/packages/da/ba/8477f549e554827da390ec659f3c38e4b6d95470f4daafc2d8ff94eaa9c2/coverage-7.13.5-cp310-cp310-musllinux_1_2_i686.whl", hash = "sha256:9b74db26dfea4f4e50d48a4602207cd1e78be33182bc9cbf22da94f332f99878", size = 246254, upload-time = "2026-03-17T10:30:04.832Z" },
    { url = "https://files.pythonhosted.org/packages/55/59/bc22aef0e6aa179d5b1b001e8b3654785e9adf27ef24c93dc4228ebd5d68/coverage-7.13.5-cp310-cp310-musllinux_1_2_ppc64le.whl", hash = "sha256:ad146744ca4fd09b50c482650e3c1b1f4dfa1d4792e0a04a369c7f23336f0400", size = 250067, upload-time = "2026-03-17T10:30:06.535Z" },
    { url = "https://files.pythonhosted.org/packages/de/1b/c6a023a160806a5137dca53468fd97530d6acad24a22003b1578a9c2e429/coverage-7.13.5-cp310-cp310-musllinux_1_2_riscv64.whl", hash = "sha256:c555b48be1853fe3997c11c4bd521cdd9a9612352de01fa4508f16ec341e6fe0", size = 246521, upload-time = "2026-03-17T10:30:08.486Z" },
    { url = "https://files.pythonhosted.org/packages/2d/3f/3532c85a55aa2f899fa17c186f831cfa1aa434d88ff792a709636f64130e/coverage-7.13.5-cp310-cp310-musllinux_1_2_x86_64.whl", hash = "sha256:7034b5c56a58ae5e85f23949d52c14aca2cfc6848a31764995b7de88f13a1ea0", size = 247126, upload-time = "2026-03-17T10:30:09.966Z" },
    { url = "https://files.pythonhosted.org/packages/aa/2e/b9d56af4a24ef45dfbcda88e06870cb7d57b2b0bfa3a888d79b4c8debd76/coverage-7.13.5-cp310-cp310-win32.whl", hash = "sha256:eb7fdf1ef130660e7415e0253a01a7d5a88c9c4d158bcf75cbbd922fd65a5b58", size = 221860, upload-time = "2026-03-17T10:30:11.393Z" },
    { url = "https://files.pythonhosted.org/packages/9f/cc/d938417e7a4d7f0433ad4edee8bb2acdc60dc7ac5af19e2a07a048ecbee3/coverage-7.13.5-cp310-cp310-win_amd64.whl", hash = "sha256:3e1bb5f6c78feeb1be3475789b14a0f0a5b47d505bfc7267126ccbd50289999e", size = 222788, upload-time = "2026-03-17T10:30:12.886Z" },
    { url = "https://files.pythonhosted.org/packages/9e/ee/a4cf96b8ce1e566ed238f0659ac2d3f007ed1d14b181bcb684e19561a69a/coverage-7.13.5-py3-none-any.whl", hash = "sha256:34b02417cf070e173989b3db962f7ed56d2f644307b2cf9d5a0f258e13084a61", size = 211346, upload-time = "2026-03-17T10:33:15.691Z" },
]

[package.optional-dependencies]
toml = [
    { name = "tomli" },
]

[[package]]
name = "dill"
version = "0.4.1"
source = { registry = "https://pypi.org/simple" }
sdist = { url = "https://files.pythonhosted.org/packages/81/e1/56027a71e31b02ddc53c7d65b01e68edf64dea2932122fe7746a516f75d5/dill-0.4.1.tar.gz", hash = "sha256:423092df4182177d4d8ba8290c8a5b640c66ab35ec7da59ccfa00f6fa3eea5fa", size = 187315, upload-time = "2026-01-19T02:36:56.85Z" }
wheels = [
    { url = "https://files.pythonhosted.org/packages/1e/77/dc8c558f7593132cf8fefec57c4f60c83b16941c574ac5f619abb3ae7933/dill-0.4.1-py3-none-any.whl", hash = "sha256:1e1ce33e978ae97fcfcff5638477032b801c46c7c65cf717f95fbc2248f79a9d", size = 120019, upload-time = "2026-01-19T02:36:55.663Z" },
]

[[package]]
name = "docker"
version = "7.1.0"
source = { registry = "https://pypi.org/simple" }
dependencies = [
    { name = "pywin32", marker = "sys_platform == 'win32'" },
    { name = "requests" },
    { name = "urllib3" },
]
sdist = { url = "https://files.pythonhosted.org/packages/91/9b/4a2ea29aeba62471211598dac5d96825bb49348fa07e906ea930394a83ce/docker-7.1.0.tar.gz", hash = "sha256:ad8c70e6e3f8926cb8a92619b832b4ea5299e2831c14284663184e200546fa6c", size = 117834, upload-time = "2024-05-23T11:13:57.216Z" }
wheels = [
    { url = "https://files.pythonhosted.org/packages/e3/26/57c6fb270950d476074c087527a558ccb6f4436657314bfb6cdf484114c4/docker-7.1.0-py3-none-any.whl", hash = "sha256:c96b93b7f0a746f9e77d325bcfb87422a3d8bd4f03136ae8a85b37f1898d5fc0", size = 147774, upload-time = "2024-05-23T11:13:55.01Z" },
]

[[package]]
name = "exceptiongroup"
version = "1.3.1"
source = { registry = "https://pypi.org/simple" }
dependencies = [
    { name = "typing-extensions" },
]
sdist = { url = "https://files.pythonhosted.org/packages/50/79/66800aadf48771f6b62f7eb014e352e5d06856655206165d775e675a02c9/exceptiongroup-1.3.1.tar.gz", hash = "sha256:8b412432c6055b0b7d14c310000ae93352ed6754f70fa8f7c34141f91c4e3219", size = 30371, upload-time = "2025-11-21T23:01:54.787Z" }
wheels = [
    { url = "https://files.pythonhosted.org/packages/8a/0e/97c33bf5009bdbac74fd2beace167cab3f978feb69cc36f1ef79360d6c4e/exceptiongroup-1.3.1-py3-none-any.whl", hash = "sha256:a7a39a3bd276781e98394987d3a5701d0c4edffb633bb7a5144577f82c773598", size = 16740, upload-time = "2025-11-21T23:01:53.443Z" },
]

[[package]]
name = "idna"
version = "3.11"
source = { registry = "https://pypi.org/simple" }
sdist = { url = "https://files.pythonhosted.org/packages/6f/6d/0703ccc57f3a7233505399edb88de3cbd678da106337b9fcde432b65ed60/idna-3.11.tar.gz", hash = "sha256:795dafcc9c04ed0c1fb032c2aa73654d8e8c5023a7df64a53f39190ada629902", size = 194582, upload-time = "2025-10-12T14:55:20.501Z" }
wheels = [
    { url = "https://files.pythonhosted.org/packages/0e/61/66938bbb5fc52dbdf84594873d5b51fb1f7c7794e9c0f5bd885f30bc507b/idna-3.11-py3-none-any.whl", hash = "sha256:771a87f49d9defaf64091e6e6fe9c18d4833f140bd19464795bc32d966ca37ea", size = 71008, upload-time = "2025-10-12T14:55:18.883Z" },
]

[[package]]
name = "iniconfig"
version = "2.3.0"
source = { registry = "https://pypi.org/simple" }
sdist = { url = "https://files.pythonhosted.org/packages/72/34/14ca021ce8e5dfedc35312d08ba8bf51fdd999c576889fc2c24cb97f4f10/iniconfig-2.3.0.tar.gz", hash = "sha256:c76315c77db068650d49c5b56314774a7804df16fee4402c1f19d6d15d8c4730", size = 20503, upload-time = "2025-10-18T21:55:43.219Z" }
wheels = [
    { url = "https://files.pythonhosted.org/packages/cb/b1/3846dd7f199d53cb17f49cba7e651e9ce294d8497c8c150530ed11865bb8/iniconfig-2.3.0-py3-none-any.whl", hash = "sha256:f631c04d2c48c52b84d0d0549c99ff3859c98df65b3101406327ecc7d53fbf12", size = 7484, upload-time = "2025-10-18T21:55:41.639Z" },
]

[[package]]
name = "isort"
version = "8.0.1"
source = { registry = "https://pypi.org/simple" }
sdist = { url = "https://files.pythonhosted.org/packages/ef/7c/ec4ab396d31b3b395e2e999c8f46dec78c5e29209fac49d1f4dace04041d/isort-8.0.1.tar.gz", hash = "sha256:171ac4ff559cdc060bcfff550bc8404a486fee0caab245679c2abe7cb253c78d", size = 769592, upload-time = "2026-02-28T10:08:20.685Z" }
wheels = [
    { url = "https://files.pythonhosted.org/packages/3e/95/c7c34aa53c16353c56d0b802fba48d5f5caa2cdee7958acbcb795c830416/isort-8.0.1-py3-none-any.whl", hash = "sha256:28b89bc70f751b559aeca209e6120393d43fbe2490de0559662be7a9787e3d75", size = 89733, upload-time = "2026-02-28T10:08:19.466Z" },
]

[[package]]
name = "kbot-installer"
version = "2.0.0"
source = { editable = "." }

[package.dev-dependencies]
dev = [
    { name = "pylint" },
    { name = "pylint-django" },
    { name = "pylint-django-settings" },
    { name = "pylint-plugin-utils" },
    { name = "pytest" },
    { name = "pytest-cov" },
    { name = "ruff" },
    { name = "testcontainers" },
    { name = "ty" },
]
lint = [
    { name = "pylint" },
    { name = "pylint-django" },
    { name = "pylint-django-settings" },
    { name = "pylint-plugin-utils" },
    { name = "ruff" },
]
test = [
    { name = "pytest" },
    { name = "pytest-cov" },
    { name = "testcontainers" },
]
typecheck = [
    { name = "ty" },
]

[package.metadata]

[package.metadata.requires-dev]
dev = [
    { name = "pylint" },
    { name = "pylint-django" },
    { name = "pylint-django-settings" },
    { name = "pylint-plugin-utils" },
    { name = "pytest" },
    { name = "pytest-cov" },
    { name = "ruff" },
    { name = "testcontainers" },
    { name = "ty" },
]
lint = [
    { name = "pylint" },
    { name = "pylint-django" },
    { name = "pylint-django-settings" },
    { name = "pylint-plugin-utils" },
    { name = "ruff" },
]
test = [
    { name = "pytest" },
    { name = "pytest-cov" },
    { name = "testcontainers" },
]
typecheck = [{ name = "ty" }]

[[package]]
name = "mccabe"
version = "0.7.0"
source = { registry = "https://pypi.org/simple" }
sdist = { url = "https://files.pythonhosted.org/packages/e7/ff/0ffefdcac38932a54d2b5eed4e0ba8a408f215002cd178ad1df0f2806ff8/mccabe-0.7.0.tar.gz", hash = "sha256:348e0240c33b60bbdf4e523192ef919f28cb2c3d7d5c7794f74009290f236325", size = 9658, upload-time = "2022-01-24T01:14:51.113Z" }
wheels = [
    { url = "https://files.pythonhosted.org/packages/27/1a/1f68f9ba0c207934b35b86a8ca3aad8395a3d6dd7921c0686e23853ff5a9/mccabe-0.7.0-py2.py3-none-any.whl", hash = "sha256:6c2d30ab6be0e4a46919781807b4f0d834ebdd6c6e3dca0bda5a15f863427b6e", size = 7350, upload-time = "2022-01-24T01:14:49.62Z" },
]

[[package]]
name = "packaging"
version = "26.0"
source = { registry = "https://pypi.org/simple" }
sdist = { url = "https://files.pythonhosted.org/packages/65/ee/299d360cdc32edc7d2cf530f3accf79c4fca01e96ffc950d8a52213bd8e4/packaging-26.0.tar.gz", hash = "sha256:00243ae351a257117b6a241061796684b084ed1c516a08c48a3f7e147a9d80b4", size = 143416, upload-time = "2026-01-21T20:50:39.064Z" }
wheels = [
    { url = "https://files.pythonhosted.org/packages/b7/b9/c538f279a4e237a006a2c98387d081e9eb060d203d8ed34467cc0f0b9b53/packaging-26.0-py3-none-any.whl", hash = "sha256:b36f1fef9334a5588b4166f8bcd26a14e521f2b55e6b9de3aaa80d3ff7a37529", size = 74366, upload-time = "2026-01-21T20:50:37.788Z" },
]

[[package]]
name = "platformdirs"
version = "4.9.4"
source = { registry = "https://pypi.org/simple" }
sdist = { url = "https://files.pythonhosted.org/packages/19/56/8d4c30c8a1d07013911a8fdbd8f89440ef9f08d07a1b50ab8ca8be5a20f9/platformdirs-4.9.4.tar.gz", hash = "sha256:1ec356301b7dc906d83f371c8f487070e99d3ccf9e501686456394622a01a934", size = 28737, upload-time = "2026-03-05T18:34:13.271Z" }
wheels = [
    { url = "https://files.pythonhosted.org/packages/63/d7/97f7e3a6abb67d8080dd406fd4df842c2be0efaf712d1c899c32a075027c/platformdirs-4.9.4-py3-none-any.whl", hash = "sha256:68a9a4619a666ea6439f2ff250c12a853cd1cbd5158d258bd824a7df6be2f868", size = 21216, upload-time = "2026-03-05T18:34:12.172Z" },
]

[[package]]
name = "pluggy"
version = "1.6.0"
source = { registry = "https://pypi.org/simple" }
sdist = { url = "https://files.pythonhosted.org/packages/f9/e2/3e91f31a7d2b083fe6ef3fa267035b518369d9511ffab804f839851d2779/pluggy-1.6.0.tar.gz", hash = "sha256:7dcc130b76258d33b90f61b658791dede3486c3e6bfb003ee5c9bfb396dd22f3", size = 69412, upload-time = "2025-05-15T12:30:07.975Z" }
wheels = [
    { url = "https://files.pythonhosted.org/packages/54/20/4d324d65cc6d9205fabedc306948156824eb9f0ee1633355a8f7ec5c66bf/pluggy-1.6.0-py3-none-any.whl", hash = "sha256:e920276dd6813095e9377c0bc5566d94c932c33b27a3e3945d8389c374dd4746", size = 20538, upload-time = "2025-05-15T12:30:06.134Z" },
]

[[package]]
name = "pygments"
version = "2.19.2"
source = { registry = "https://pypi.org/simple" }
sdist = { url = "https://files.pythonhosted.org/packages/b0/77/a5b8c569bf593b0140bde72ea885a803b82086995367bf2037de0159d924/pygments-2.19.2.tar.gz", hash = "sha256:636cb2477cec7f8952536970bc533bc43743542f70392ae026374600add5b887", size = 4968631, upload-time = "2025-06-21T13:39:12.283Z" }
wheels = [
    { url = "https://files.pythonhosted.org/packages/c7/21/705964c7812476f378728bdf590ca4b771ec72385c533964653c68e86bdc/pygments-2.19.2-py3-none-any.whl", hash = "sha256:86540386c03d588bb81d44bc3928634ff26449851e99741617ecb9037ee5ec0b", size = 1225217, upload-time = "2025-06-21T13:39:07.939Z" },
]

[[package]]
name = "pylint"
version = "4.0.5"
source = { registry = "https://pypi.org/simple" }
dependencies = [
    { name = "astroid" },
    { name = "colorama", marker = "sys_platform == 'win32'" },
    { name = "dill" },
    { name = "isort" },
    { name = "mccabe" },
    { name = "platformdirs" },
    { name = "tomli" },
    { name = "tomlkit" },
]
sdist = { url = "https://files.pythonhosted.org/packages/e4/b6/74d9a8a68b8067efce8d07707fe6a236324ee1e7808d2eb3646ec8517c7d/pylint-4.0.5.tar.gz", hash = "sha256:8cd6a618df75deb013bd7eb98327a95f02a6fb839205a6bbf5456ef96afb317c", size = 1572474, upload-time = "2026-02-20T09:07:33.621Z" }
wheels = [
    { url = "https://files.pythonhosted.org/packages/d5/6f/9ac2548e290764781f9e7e2aaf0685b086379dabfb29ca38536985471eaf/pylint-4.0.5-py3-none-any.whl", hash = "sha256:00f51c9b14a3b3ae08cff6b2cdd43f28165c78b165b628692e428fb1f8dc2cf2", size = 536694, upload-time = "2026-02-20T09:07:31.028Z" },
]

[[package]]
name = "pylint-django"
version = "2.7.0"
source = { registry = "https://pypi.org/simple" }
dependencies = [
    { name = "pylint" },
    { name = "pylint-plugin-utils" },
]
wheels = [
    { url = "https://files.pythonhosted.org/packages/e5/0d/d775fec0dde8ca5d20e9170a2ca332dfa21b77f7e7e47fc3ab9b2261773c/pylint_django-2.7.0-py3-none-any.whl", hash = "sha256:76ef7e7bbbcf7ee86adbb2beac0ffaa7232509a17bf4a488d81467a1bbaa215b", size = 42892, upload-time = "2026-01-01T11:17:04.292Z" },
]

[[package]]
name = "pylint-django-settings"
version = "1.0.0"
source = { registry = "https://pypi.org/simple" }
dependencies = [
    { name = "setuptools" },
]
sdist = { url = "https://files.pythonhosted.org/packages/58/46/7cb7ac1b51668e1b8510371ebff740758926d1055a1cc075118920289096/pylint-django-settings-1.0.0.tar.gz", hash = "sha256:9a303441168fb1227b5978ca1121b204e62255de94d00ba3e15608683c0ad72a", size = 1060, upload-time = "2023-10-09T20:10:16.475Z" }

[[package]]
name = "pylint-plugin-utils"
version = "0.9.0"
source = { registry = "https://pypi.org/simple" }
dependencies = [
    { name = "pylint" },
]
sdist = { url = "https://files.pythonhosted.org/packages/73/85/24eaf5d0d078fc8799ae6d89faf326d6e4d27d862fc9a710a52ab07b7bb5/pylint_plugin_utils-0.9.0.tar.gz", hash = "sha256:5468d763878a18d5cc4db46eaffdda14313b043c962a263a7d78151b90132055", size = 10474, upload-time = "2025-06-24T07:14:00.534Z" }
wheels = [
    { url = "https://files.pythonhosted.org/packages/5e/c9/a3b871b0b590c49e38884af6dab58ab9711053bd5c39b8899b72e367b9f6/pylint_plugin_utils-0.9.0-py3-none-any.whl", hash = "sha256:16e9b84e5326ba893a319a0323fcc8b4bcc9c71fc654fcabba0605596c673818", size = 11129, upload-time = "2025-06-24T07:13:58.993Z" },
]

[[package]]
name = "pytest"
version = "9.0.2"
source = { registry = "https://pypi.org/simple" }
dependencies = [
    { name = "colorama", marker = "sys_platform == 'win32'" },
    { name = "exceptiongroup" },
    { name = "iniconfig" },
    { name = "packaging" },
    { name = "pluggy" },
    { name = "pygments" },
    { name = "tomli" },
]
sdist = { url = "https://files.pythonhosted.org/packages/d1/db/7ef3487e0fb0049ddb5ce41d3a49c235bf9ad299b6a25d5780a89f19230f/pytest-9.0.2.tar.gz", hash = "sha256:75186651a92bd89611d1d9fc20f0b4345fd827c41ccd5c299a868a05d70edf11", size = 1568901, upload-time = "2025-12-06T21:30:51.014Z" }
wheels = [
    { url = "https://files.pythonhosted.org/packages/3b/ab/b3226f0bd7cdcf710fbede2b3548584366da3b19b5021e74f5bde2a8fa3f/pytest-9.0.2-py3-none-any.whl", hash = "sha256:711ffd45bf766d5264d487b917733b453d917afd2b0ad65223959f59089f875b", size = 374801, upload-time = "2025-12-06T21:30:49.154Z" },
]

[[package]]
name = "pytest-cov"
version = "7.1.0"
source = { registry = "https://pypi.org/simple" }
dependencies = [
    { name = "coverage", extra = ["toml"] },
    { name = "pluggy" },
    { name = "pytest" },
]
sdist = { url = "https://files.pythonhosted.org/packages/b1/51/a849f96e117386044471c8ec2bd6cfebacda285da9525c9106aeb28da671/pytest_cov-7.1.0.tar.gz", hash = "sha256:30674f2b5f6351aa09702a9c8c364f6a01c27aae0c1366ae8016160d1efc56b2", size = 55592, upload-time = "2026-03-21T20:11:16.284Z" }
wheels = [
    { url = "https://files.pythonhosted.org/packages/9d/7a/d968e294073affff457b041c2be9868a40c1c71f4a35fcc1e45e5493067b/pytest_cov-7.1.0-py3-none-any.whl", hash = "sha256:a0461110b7865f9a271aa1b51e516c9a95de9d696734a2f71e3e78f46e1d4678", size = 22876, upload-time = "2026-03-21T20:11:14.438Z" },
]

[[package]]
name = "python-dotenv"
version = "1.2.2"
source = { registry = "https://pypi.org/simple" }
sdist = { url = "https://files.pythonhosted.org/packages/82/ed/0301aeeac3e5353ef3d94b6ec08bbcabd04a72018415dcb29e588514bba8/python_dotenv-1.2.2.tar.gz", hash = "sha256:2c371a91fbd7ba082c2c1dc1f8bf89ca22564a087c2c287cd9b662adde799cf3", size = 50135, upload-time = "2026-03-01T16:00:26.196Z" }
wheels = [
    { url = "https://files.pythonhosted.org/packages/0b/d7/1959b9648791274998a9c3526f6d0ec8fd2233e4d4acce81bbae76b44b2a/python_dotenv-1.2.2-py3-none-any.whl", hash = "sha256:1d8214789a24de455a8b8bd8ae6fe3c6b69a5e3d64aa8a8e5d68e694bbcb285a", size = 22101, upload-time = "2026-03-01T16:00:25.09Z" },
]

[[package]]
name = "pywin32"
version = "311"
source = { registry = "https://pypi.org/simple" }
wheels = [
    { url = "https://files.pythonhosted.org/packages/7b/40/44efbb0dfbd33aca6a6483191dae0716070ed99e2ecb0c53683f400a0b4f/pywin32-311-cp310-cp310-win32.whl", hash = "sha256:d03ff496d2a0cd4a5893504789d4a15399133fe82517455e78bad62efbb7f0a3", size = 8760432, upload-time = "2025-07-14T20:13:05.9Z" },
    { url = "https://files.pythonhosted.org/packages/5e/bf/360243b1e953bd254a82f12653974be395ba880e7ec23e3731d9f73921cc/pywin32-311-cp310-cp310-win_amd64.whl", hash = "sha256:797c2772017851984b97180b0bebe4b620bb86328e8a884bb626156295a63b3b", size = 9590103, upload-time = "2025-07-14T20:13:07.698Z" },
    { url = "https://files.pythonhosted.org/packages/57/38/d290720e6f138086fb3d5ffe0b6caa019a791dd57866940c82e4eeaf2012/pywin32-311-cp310-cp310-win_arm64.whl", hash = "sha256:0502d1facf1fed4839a9a51ccbcc63d952cf318f78ffc00a7e78528ac27d7a2b", size = 8778557, upload-time = "2025-07-14T20:13:11.11Z" },
]

[[package]]
name = "requests"
version = "2.33.0"
source = { registry = "https://pypi.org/simple" }
dependencies = [
    { name = "certifi" },
    { name = "charset-normalizer" },
    { name = "idna" },
    { name = "urllib3" },
]
sdist = { url = "https://files.pythonhosted.org/packages/34/64/8860370b167a9721e8956ae116825caff829224fbca0ca6e7bf8ddef8430/requests-2.33.0.tar.gz", hash = "sha256:c7ebc5e8b0f21837386ad0e1c8fe8b829fa5f544d8df3b2253bff14ef29d7652", size = 134232, upload-time = "2026-03-25T15:10:41.586Z" }
wheels = [
    { url = "https://files.pythonhosted.org/packages/56/5d/c814546c2333ceea4ba42262d8c4d55763003e767fa169adc693bd524478/requests-2.33.0-py3-none-any.whl", hash = "sha256:3324635456fa185245e24865e810cecec7b4caf933d7eb133dcde67d48cee69b", size = 65017, upload-time = "2026-03-25T15:10:40.382Z" },
]

[[package]]
name = "ruff"
version = "0.15.8"
source = { registry = "https://pypi.org/simple" }
sdist = { url = "https://files.pythonhosted.org/packages/14/b0/73cf7550861e2b4824950b8b52eebdcc5adc792a00c514406556c5b80817/ruff-0.15.8.tar.gz", hash = "sha256:995f11f63597ee362130d1d5a327a87cb6f3f5eae3094c620bcc632329a4d26e", size = 4610921, upload-time = "2026-03-26T18:39:38.675Z" }
wheels = [
    { url = "https://files.pythonhosted.org/packages/4a/92/c445b0cd6da6e7ae51e954939cb69f97e008dbe750cfca89b8cedc081be7/ruff-0.15.8-py3-none-linux_armv6l.whl", hash = "sha256:cbe05adeba76d58162762d6b239c9056f1a15a55bd4b346cfd21e26cd6ad7bc7", size = 10527394, upload-time = "2026-03-26T18:39:41.566Z" },
    { url = "https://files.pythonhosted.org/packages/eb/92/f1c662784d149ad1414cae450b082cf736430c12ca78367f20f5ed569d65/ruff-0.15.8-py3-none-macosx_10_12_x86_64.whl", hash = "sha256:d3e3d0b6ba8dca1b7ef9ab80a28e840a20070c4b62e56d675c24f366ef330570", size = 10905693, upload-time = "2026-03-26T18:39:30.364Z" },
    { url = "https://files.pythonhosted.org/packages/ca/f2/7a631a8af6d88bcef997eb1bf87cc3da158294c57044aafd3e17030613de/ruff-0.15.8-py3-none-macosx_11_0_arm64.whl", hash = "sha256:6ee3ae5c65a42f273f126686353f2e08ff29927b7b7e203b711514370d500de3", size = 10323044, upload-time = "2026-03-26T18:39:33.37Z" },
    { url = "https://files.pythonhosted.org/packages/67/18/1bf38e20914a05e72ef3b9569b1d5c70a7ef26cd188d69e9ca8ef588d5bf/ruff-0.15.8-py3-none-manylinux_2_17_aarch64.manylinux2014_aarch64.whl", hash = "sha256:fdce027ada77baa448077ccc6ebb2fa9c3c62fd110d8659d601cf2f475858d94", size = 10629135, upload-time = "2026-03-26T18:39:44.142Z" },
    { url = "https://files.pythonhosted.org/packages/d2/e9/138c150ff9af60556121623d41aba18b7b57d95ac032e177b6a53789d279/ruff-0.15.8-py3-none-manylinux_2_17_armv7l.manylinux2014_armv7l.whl", hash = "sha256:12e617fc01a95e5821648a6df341d80456bd627bfab8a829f7cfc26a14a4b4a3", size = 10348041, upload-time = "2026-03-26T18:39:52.178Z" },
    { url = "https://files.pythonhosted.org/packages/02/f1/5bfb9298d9c323f842c5ddeb85f1f10ef51516ac7a34ba446c9347d898df/ruff-0.15.8-py3-none-manylinux_2_17_i686.manylinux2014_i686.whl", hash = "sha256:432701303b26416d22ba696c39f2c6f12499b89093b61360abc34bcc9bf07762", size = 11121987, upload-time = "2026-03-26T18:39:55.195Z" },
    { url = "https://files.pythonhosted.org/packages/10/11/6da2e538704e753c04e8d86b1fc55712fdbdcc266af1a1ece7a51fff0d10/ruff-0.15.8-py3-none-manylinux_2_17_ppc64le.manylinux2014_ppc64le.whl", hash = "sha256:d910ae974b7a06a33a057cb87d2a10792a3b2b3b35e33d2699fdf63ec8f6b17a", size = 11951057, upload-time = "2026-03-26T18:39:19.18Z" },
    { url = "https://files.pythonhosted.org/packages/83/f0/c9208c5fd5101bf87002fed774ff25a96eea313d305f1e5d5744698dc314/ruff-0.15.8-py3-none-manylinux_2_17_s390x.manylinux2014_s390x.whl", hash = "sha256:2033f963c43949d51e6fdccd3946633c6b37c484f5f98c3035f49c27395a8ab8", size = 11464613, upload-time = "2026-03-26T18:40:06.301Z" },
    { url = "https://files.pythonhosted.org/packages/f8/22/d7f2fabdba4fae9f3b570e5605d5eb4500dcb7b770d3217dca4428484b17/ruff-0.15.8-py3-none-manylinux_2_17_x86_64.manylinux2014_x86_64.whl", hash = "sha256:0f29b989a55572fb885b77464cf24af05500806ab4edf9a0fd8977f9759d85b1", size = 11257557, upload-time = "2026-03-26T18:39:57.972Z" },
    { url = "https://files.pythonhosted.org/packages/71/8c/382a9620038cf6906446b23ce8632ab8c0811b8f9d3e764f58bedd0c9a6f/ruff-0.15.8-py3-none-manylinux_2_31_riscv64.whl", hash = "sha256:ac51d486bf457cdc985a412fb1801b2dfd1bd8838372fc55de64b1510eff4bec", size = 11169440, upload-time = "2026-03-26T18:39:22.205Z" },
    { url = "https://files.pythonhosted.org/packages/4d/0d/0994c802a7eaaf99380085e4e40c845f8e32a562e20a38ec06174b52ef24/ruff-0.15.8-py3-none-musllinux_1_2_aarch64.whl", hash = "sha256:c9861eb959edab053c10ad62c278835ee69ca527b6dcd72b47d5c1e5648964f6", size = 10605963, upload-time = "2026-03-26T18:39:46.682Z" },
    { url = "https://files.pythonhosted.org/packages/19/aa/d624b86f5b0aad7cef6bbf9cd47a6a02dfdc4f72c92a337d724e39c9d14b/ruff-0.15.8-py3-none-musllinux_1_2_armv7l.whl", hash = "sha256:8d9a5b8ea13f26ae90838afc33f91b547e61b794865374f114f349e9036835fb", size = 10357484, upload-time = "2026-03-26T18:39:49.176Z" },
    { url = "https://files.pythonhosted.org/packages/35/c3/e0b7835d23001f7d999f3895c6b569927c4d39912286897f625736e1fd04/ruff-0.15.8-py3-none-musllinux_1_2_i686.whl", hash = "sha256:c2a33a529fb3cbc23a7124b5c6ff121e4d6228029cba374777bd7649cc8598b8", size = 10830426, upload-time = "2026-03-26T18:40:03.702Z" },
    { url = "https://files.pythonhosted.org/packages/f0/51/ab20b322f637b369383adc341d761eaaa0f0203d6b9a7421cd6e783d81b9/ruff-0.15.8-py3-none-musllinux_1_2_x86_64.whl", hash = "sha256:75e5cd06b1cf3f47a3996cfc999226b19aa92e7cce682dcd62f80d7035f98f49", size = 11345125, upload-time = "2026-03-26T18:39:27.799Z" },
    { url = "https://files.pythonhosted.org/packages/37/e6/90b2b33419f59d0f2c4c8a48a4b74b460709a557e8e0064cf33ad894f983/ruff-0.15.8-py3-none-win32.whl", hash = "sha256:bc1f0a51254ba21767bfa9a8b5013ca8149dcf38092e6a9eb704d876de94dc34", size = 10571959, upload-time = "2026-03-26T18:39:36.117Z" },
    { url = "https://files.pythonhosted.org/packages/1f/a2/ef467cb77099062317154c63f234b8a7baf7cb690b99af760c5b68b9ee7f/ruff-0.15.8-py3-none-win_amd64.whl", hash = "sha256:04f79eff02a72db209d47d665ba7ebcad609d8918a134f86cb13dd132159fc89", size = 11743893, upload-time = "2026-03-26T18:39:25.01Z" },
    { url = "https://files.pythonhosted.org/packages/15/e2/77be4fff062fa78d9b2a4dea85d14785dac5f1d0c1fb58ed52331f0ebe28/ruff-0.15.8-py3-none-win_arm64.whl", hash = "sha256:cf891fa8e3bb430c0e7fac93851a5978fc99c8fa2c053b57b118972866f8e5f2", size = 11048175, upload-time = "2026-03-26T18:40:01.06Z" },
]

[[package]]
name = "setuptools"
version = "82.0.1"
source = { registry = "https://pypi.org/simple" }
sdist = { url = "https://files.pythonhosted.org/packages/4f/db/cfac1baf10650ab4d1c111714410d2fbb77ac5a616db26775db562c8fab2/setuptools-82.0.1.tar.gz", hash = "sha256:7d872682c5d01cfde07da7bccc7b65469d3dca203318515ada1de5eda35efbf9", size = 1152316, upload-time = "2026-03-09T12:47:17.221Z" }
wheels = [
    { url = "https://files.pythonhosted.org/packages/9d/76/f789f7a86709c6b087c5a2f52f911838cad707cc613162401badc665acfe/setuptools-82.0.1-py3-none-any.whl", hash = "sha256:a59e362652f08dcd477c78bb6e7bd9d80a7995bc73ce773050228a348ce2e5bb", size = 1006223, upload-time = "2026-03-09T12:47:15.026Z" },
]

[[package]]
name = "testcontainers"
version = "4.14.2"
source = { registry = "https://pypi.org/simple" }
dependencies = [
    { name = "docker" },
    { name = "python-dotenv" },
    { name = "typing-extensions" },
    { name = "urllib3" },
    { name = "wrapt" },
]
sdist = { url = "https://files.pythonhosted.org/packages/ca/ac/a597c3a0e02b26cbed6dd07df68be1e57684766fd1c381dee9b170a99690/testcontainers-4.14.2.tar.gz", hash = "sha256:1340ccf16fe3acd9389a6c9e1d9ab21d9fe99a8afdf8165f89c3e69c1967d239", size = 166841, upload-time = "2026-03-18T05:19:16.696Z" }
wheels = [
    { url = "https://files.pythonhosted.org/packages/13/2d/26b8b30067d94339afee62c3edc9b803a6eb9332f521ba77d8aaab5de873/testcontainers-4.14.2-py3-none-any.whl", hash = "sha256:0d0522c3cd8f8d9627cda41f7a6b51b639fa57bdc492923c045117933c668d68", size = 125712, upload-time = "2026-03-18T05:19:15.29Z" },
]

[[package]]
name = "tomli"
version = "2.4.1"
source = { registry = "https://pypi.org/simple" }
sdist = { url = "https://files.pythonhosted.org/packages/22/de/48c59722572767841493b26183a0d1cc411d54fd759c5607c4590b6563a6/tomli-2.4.1.tar.gz", hash = "sha256:7c7e1a961a0b2f2472c1ac5b69affa0ae1132c39adcb67aba98568702b9cc23f", size = 17543, upload-time = "2026-03-25T20:22:03.828Z" }
wheels = [
    { url = "https://files.pythonhosted.org/packages/7b/61/cceae43728b7de99d9b847560c262873a1f6c98202171fd5ed62640b494b/tomli-2.4.1-py3-none-any.whl", hash = "sha256:0d85819802132122da43cb86656f8d1f8c6587d54ae7dcaf30e90533028b49fe", size = 14583, upload-time = "2026-03-25T20:22:03.012Z" },
]

[[package]]
name = "tomlkit"
version = "0.14.0"
source = { registry = "https://pypi.org/simple" }
sdist = { url = "https://files.pythonhosted.org/packages/c3/af/14b24e41977adb296d6bd1fb59402cf7d60ce364f90c890bd2ec65c43b5a/tomlkit-0.14.0.tar.gz", hash = "sha256:cf00efca415dbd57575befb1f6634c4f42d2d87dbba376128adb42c121b87064", size = 187167, upload-time = "2026-01-13T01:14:53.304Z" }
wheels = [
    { url = "https://files.pythonhosted.org/packages/b5/11/87d6d29fb5d237229d67973a6c9e06e048f01cf4994dee194ab0ea841814/tomlkit-0.14.0-py3-none-any.whl", hash = "sha256:592064ed85b40fa213469f81ac584f67a4f2992509a7c3ea2d632208623a3680", size = 39310, upload-time = "2026-01-13T01:14:51.965Z" },
]

[[package]]
name = "ty"
version = "0.0.26"
source = { registry = "https://pypi.org/simple" }
sdist = { url = "https://files.pythonhosted.org/packages/18/94/4879b81f8681117ccaf31544579304f6dc2ddcc0c67f872afb35869643a2/ty-0.0.26.tar.gz", hash = "sha256:0496b62405d62de7b954d6d677dc1cc5d3046197215d7a0a7fef37745d7b6d29", size = 5393643, upload-time = "2026-03-26T16:27:11.067Z" }
wheels = [
    { url = "https://files.pythonhosted.org/packages/83/24/99fe33ecd7e16d23c53b0d4244778c6d1b6eb1663b091236dcba22882d67/ty-0.0.26-py3-none-linux_armv6l.whl", hash = "sha256:35beaa56cf59725fd59ab35d8445bbd40b97fe76db39b052b1fcb31f9bf8adf7", size = 10521856, upload-time = "2026-03-26T16:27:06.335Z" },
    { url = "https://files.pythonhosted.org/packages/55/97/1b5e939e2ff69b9bb279ab680bfa8f677d886309a1ac8d9588fd6ce58146/ty-0.0.26-py3-none-macosx_10_12_x86_64.whl", hash = "sha256:487a0be58ab0eb02e31ba71eb6953812a0f88e50633469b0c0ce3fb795fe0fa1", size = 10320958, upload-time = "2026-03-26T16:27:13.849Z" },
    { url = "https://files.pythonhosted.org/packages/71/25/37081461e13d38a190e5646948d7bc42084f7bd1c6b44f12550be3923e7e/ty-0.0.26-py3-none-macosx_11_0_arm64.whl", hash = "sha256:a01b7de5693379646d423b68f119719a1338a20017ba48a93eefaff1ee56f97b", size = 9799905, upload-time = "2026-03-26T16:26:55.805Z" },
    { url = "https://files.pythonhosted.org/packages/a1/1c/295d8f55a7b0e037dfc3a5ec4bdda3ab3cbca6f492f725bf269f96a4d841/ty-0.0.26-py3-none-manylinux_2_17_aarch64.manylinux2014_aarch64.whl", hash = "sha256:628c3ee869d113dd2bd249925662fd39d9d0305a6cb38f640ddaa7436b74a1ef", size = 10317507, upload-time = "2026-03-26T16:27:31.887Z" },
    { url = "https://files.pythonhosted.org/packages/1d/62/48b3875c5d2f48fe017468d4bbdde1164c76a8184374f1d5e6162cf7d9b8/ty-0.0.26-py3-none-manylinux_2_17_armv7l.manylinux2014_armv7l.whl", hash = "sha256:63d04f35f5370cbc91c0b9675dc83e0c53678125a7b629c9c95769e86f123e65", size = 10319821, upload-time = "2026-03-26T16:27:29.647Z" },
    { url = "https://files.pythonhosted.org/packages/ff/28/cfb2d495046d5bf42d532325cea7412fa1189912d549dbfae417a24fd794/ty-0.0.26-py3-none-manylinux_2_17_i686.manylinux2014_i686.whl", hash = "sha256:4a53c4e6f6a91927f8b90e584a4b12bcde05b0c1870ddff8d17462168ad7947a", size = 10831757, upload-time = "2026-03-26T16:27:37.441Z" },
    { url = "https://files.pythonhosted.org/packages/26/bf/dbc3e42f448a2d862651de070b4108028c543ca18cab096b38d7de449915/ty-0.0.26-py3-none-manylinux_2_17_ppc64le.manylinux2014_ppc64le.whl", hash = "sha256:caf2ced0e58d898d5e3ba5cb843e0ebd377c8a461464748586049afbd9321f51", size = 11369556, upload-time = "2026-03-26T16:26:58.655Z" },
    { url = "https://files.pythonhosted.org/packages/92/4c/6d2f8f34bc6d502ab778c9345a4a936a72ae113de11329c1764bb1f204f6/ty-0.0.26-py3-none-manylinux_2_17_s390x.manylinux2014_s390x.whl", hash = "sha256:384807bbcb7d7ce9b97ee5aaa6417a8ae03ccfb426c52b08018ca62cf60f5430", size = 11085679, upload-time = "2026-03-26T16:27:21.746Z" },
    { url = "https://files.pythonhosted.org/packages/cc/f4/f3f61c203bc980dd9bba0ba7ed3c6e81ddfd36b286330f9487c2c7d041aa/ty-0.0.26-py3-none-manylinux_2_17_x86_64.manylinux2014_x86_64.whl", hash = "sha256:8a2c766a94d79b4f82995d41229702caf2d76e5c440ec7e543d05c70e98bf8ab", size = 10900581, upload-time = "2026-03-26T16:27:24.39Z" },
    { url = "https://files.pythonhosted.org/packages/3d/fd/3ca1b4e4bdd129829e9ce78677e0f8e0f1038a7702dccecfa52f037c6046/ty-0.0.26-py3-none-musllinux_1_2_aarch64.whl", hash = "sha256:f41ac45a0f8e3e8e181508d863a0a62156341db0f624ffd004b97ee550a9de80", size = 10294401, upload-time = "2026-03-26T16:27:03.999Z" },
    { url = "https://files.pythonhosted.org/packages/de/20/4ee3d8c3f90e008843795c765cb8bb245f188c23e5e5cc612c7697406fba/ty-0.0.26-py3-none-musllinux_1_2_armv7l.whl", hash = "sha256:73eb8327a34d529438dfe4db46796946c4e825167cbee434dc148569892e435f", size = 10351469, upload-time = "2026-03-26T16:27:19.003Z" },
    { url = "https://files.pythonhosted.org/packages/3d/b1/9fb154ade65906d4148f0b999c4a8257c2a34253cb72e15d84c1f04a064e/ty-0.0.26-py3-none-musllinux_1_2_i686.whl", hash = "sha256:4bb53a79259516535a1b55f613ba1619e9c666854946474ca8418c35a5c4fd60", size = 10529488, upload-time = "2026-03-26T16:27:01.378Z" },
    { url = "https://files.pythonhosted.org/packages/a5/70/9b02b03b1862e27b64143db65946d68b138160a5b6bfea193bee0b8bbc34/ty-0.0.26-py3-none-musllinux_1_2_x86_64.whl", hash = "sha256:2f0e75edc1aeb1b4b84af516c7891f631254a4ca3dcd15e848fa1e061e1fe9da", size = 10999015, upload-time = "2026-03-26T16:27:34.636Z" },
    { url = "https://files.pythonhosted.org/packages/21/16/0a56b8667296e2989b9d48095472d98ebf57a0006c71f2a101bbc62a142d/ty-0.0.26-py3-none-win32.whl", hash = "sha256:943c998c5523ed6b519c899c0c39b26b4c751a9759e460fb964765a44cde226f", size = 9912378, upload-time = "2026-03-26T16:27:08.999Z" },
    { url = "https://files.pythonhosted.org/packages/60/c2/fef0d4bba9cd89a82d725b3b1a66efb1b36629ecf0fb1d8e916cb75b8829/ty-0.0.26-py3-none-win_amd64.whl", hash = "sha256:19c856d343efeb1ecad8ee220848f5d2c424daf7b2feda357763ad3036e2172f", size = 10863737, upload-time = "2026-03-26T16:27:27.06Z" },
    { url = "https://files.pythonhosted.org/packages/4d/05/888ebcb3c4d3b6b72d5d3241fddd299142caa3c516e6d26a9cd887dfed3b/ty-0.0.26-py3-none-win_arm64.whl", hash = "sha256:2cde58ccffa046db1223dc28f3e7d4f2c7da8267e97cc5cd186af6fe85f1758a", size = 10285408, upload-time = "2026-03-26T16:27:16.432Z" },
]

[[package]]
name = "typing-extensions"
version = "4.15.0"
source = { registry = "https://pypi.org/simple" }
sdist = { url = "https://files.pythonhosted.org/packages/72/94/1a15dd82efb362ac84269196e94cf00f187f7ed21c242792a923cdb1c61f/typing_extensions-4.15.0.tar.gz", hash = "sha256:0cea48d173cc12fa28ecabc3b837ea3cf6f38c6d1136f85cbaaf598984861466", size = 109391, upload-time = "2025-08-25T13:49:26.313Z" }
wheels = [
    { url = "https://files.pythonhosted.org/packages/18/67/36e9267722cc04a6b9f15c7f3441c2363321a3ea07da7ae0c0707beb2a9c/typing_extensions-4.15.0-py3-none-any.whl", hash = "sha256:f0fa19c6845758ab08074a0cfa8b7aecb71c999ca73d62883bc25cc018c4e548", size = 44614, upload-time = "2025-08-25T13:49:24.86Z" },
]

[[package]]
name = "urllib3"
version = "2.6.3"
source = { registry = "https://pypi.org/simple" }
sdist = { url = "https://files.pythonhosted.org/packages/c7/24/5f1b3bdffd70275f6661c76461e25f024d5a38a46f04aaca912426a2b1d3/urllib3-2.6.3.tar.gz", hash = "sha256:1b62b6884944a57dbe321509ab94fd4d3b307075e0c2eae991ac71ee15ad38ed", size = 435556, upload-time = "2026-01-07T16:24:43.925Z" }
wheels = [
    { url = "https://files.pythonhosted.org/packages/39/08/aaaad47bc4e9dc8c725e68f9d04865dbcb2052843ff09c97b08904852d84/urllib3-2.6.3-py3-none-any.whl", hash = "sha256:bf272323e553dfb2e87d9bfd225ca7b0f467b919d7bbd355436d3fd37cb0acd4", size = 131584, upload-time = "2026-01-07T16:24:42.685Z" },
]

[[package]]
name = "wrapt"
version = "2.1.2"
source = { registry = "https://pypi.org/simple" }
sdist = { url = "https://files.pythonhosted.org/packages/2e/64/925f213fdcbb9baeb1530449ac71a4d57fc361c053d06bf78d0c5c7cd80c/wrapt-2.1.2.tar.gz", hash = "sha256:3996a67eecc2c68fd47b4e3c564405a5777367adfd9b8abb58387b63ee83b21e", size = 81678, upload-time = "2026-03-06T02:53:25.134Z" }
wheels = [
    { url = "https://files.pythonhosted.org/packages/da/d2/387594fb592d027366645f3d7cc9b4d7ca7be93845fbaba6d835a912ef3c/wrapt-2.1.2-cp310-cp310-macosx_10_9_x86_64.whl", hash = "sha256:4b7a86d99a14f76facb269dc148590c01aaf47584071809a70da30555228158c", size = 60669, upload-time = "2026-03-06T02:52:40.671Z" },
    { url = "https://files.pythonhosted.org/packages/c9/18/3f373935bc5509e7ac444c8026a56762e50c1183e7061797437ca96c12ce/wrapt-2.1.2-cp310-cp310-macosx_11_0_arm64.whl", hash = "sha256:a819e39017f95bf7aede768f75915635aa8f671f2993c036991b8d3bfe8dbb6f", size = 61603, upload-time = "2026-03-06T02:54:21.032Z" },
    { url = "https://files.pythonhosted.org/packages/c2/7a/32758ca2853b07a887a4574b74e28843919103194bb47001a304e24af62f/wrapt-2.1.2-cp310-cp310-manylinux1_x86_64.manylinux_2_28_x86_64.manylinux_2_5_x86_64.whl", hash = "sha256:5681123e60aed0e64c7d44f72bbf8b4ce45f79d81467e2c4c728629f5baf06eb", size = 113632, upload-time = "2026-03-06T02:53:54.121Z" },
    { url = "https://files.pythonhosted.org/packages/1d/d5/eeaa38f670d462e97d978b3b0d9ce06d5b91e54bebac6fbed867809216e7/wrapt-2.1.2-cp310-cp310-manylinux2014_aarch64.manylinux_2_17_aarch64.manylinux_2_28_aarch64.whl", hash = "sha256:2b8b28e97a44d21836259739ae76284e180b18abbb4dcfdff07a415cf1016c3e", size = 115644, upload-time = "2026-03-06T02:54:53.33Z" },
    { url = "https://files.pythonhosted.org/packages/e3/09/2a41506cb17affb0bdf9d5e2129c8c19e192b388c4c01d05e1b14db23c00/wrapt-2.1.2-cp310-cp310-manylinux_2_31_riscv64.manylinux_2_39_riscv64.whl", hash = "sha256:cef91c95a50596fcdc31397eb6955476f82ae8a3f5a8eabdc13611b60ee380ba", size = 112016, upload-time = "2026-03-06T02:54:43.274Z" },
    { url = "https://files.pythonhosted.org/packages/64/15/0e6c3f5e87caadc43db279724ee36979246d5194fa32fed489c73643ba59/wrapt-2.1.2-cp310-cp310-musllinux_1_2_aarch64.whl", hash = "sha256:dad63212b168de8569b1c512f4eac4b57f2c6934b30df32d6ee9534a79f1493f", size = 114823, upload-time = "2026-03-06T02:54:29.392Z" },
    { url = "https://files.pythonhosted.org/packages/56/b2/0ad17c8248f4e57bedf44938c26ec3ee194715f812d2dbbd9d7ff4be6c06/wrapt-2.1.2-cp310-cp310-musllinux_1_2_riscv64.whl", hash = "sha256:d307aa6888d5efab2c1cde09843d48c843990be13069003184b67d426d145394", size = 111244, upload-time = "2026-03-06T02:54:02.149Z" },
    { url = "https://files.pythonhosted.org/packages/ff/04/bcdba98c26f2c6522c7c09a726d5d9229120163493620205b2f76bd13c01/wrapt-2.1.2-cp310-cp310-musllinux_1_2_x86_64.whl", hash = "sha256:c87cf3f0c85e27b3ac7d9ad95da166bf8739ca215a8b171e8404a2d739897a45", size = 113307, upload-time = "2026-03-06T02:54:12.428Z" },
    { url = "https://files.pythonhosted.org/packages/0e/1b/5e2883c6bc14143924e465a6fc5a92d09eeabe35310842a481fb0581f832/wrapt-2.1.2-cp310-cp310-win32.whl", hash = "sha256:d1c5fea4f9fe3762e2b905fdd67df51e4be7a73b7674957af2d2ade71a5c075d", size = 57986, upload-time = "2026-03-06T02:54:26.823Z" },
    { url = "https://files.pythonhosted.org/packages/42/5a/4efc997bccadd3af5749c250b49412793bc41e13a83a486b2b54a33e240c/wrapt-2.1.2-cp310-cp310-win_amd64.whl", hash = "sha256:d8f7740e1af13dff2684e4d56fe604a7e04d6c94e737a60568d8d4238b9a0c71", size = 60336, upload-time = "2026-03-06T02:54:18Z" },
    { url = "https://files.pythonhosted.org/packages/c1/f5/a2bb833e20181b937e87c242645ed5d5aa9c373006b0467bfe1a35c727d0/wrapt-2.1.2-cp310-cp310-win_arm64.whl", hash = "sha256:1c6cc827c00dc839350155f316f1f8b4b0c370f52b6a19e782e2bda89600c7dc", size = 58757, upload-time = "2026-03-06T02:53:51.545Z" },
    { url = "https://files.pythonhosted.org/packages/1a/c7/8528ac2dfa2c1e6708f647df7ae144ead13f0a31146f43c7264b4942bf12/wrapt-2.1.2-py3-none-any.whl", hash = "sha256:b8fd6fa2b2c4e7621808f8c62e8317f4aae56e59721ad933bac5239d913cf0e8", size = 43993, upload-time = "2026-03-06T02:53:12.905Z" },
]
