version = 1
revision = 3
requires-python = ">=3.12"
resolution-markers = [
    "python_full_version < '3.13' and platform_machine == 'x86_64' and sys_platform == 'linux'",
]
supported-markers = [
    "python_full_version < '3.13' and platform_machine == 'x86_64' and sys_platform == 'linux'",
]

[[package]]
name = "astroid"
version = "4.0.4"
source = { registry = "https://konverso-872515286329.d.codeartifact.eu-west-3.amazonaws.com/pypi/pypi-proxy/simple/" }
sdist = { url = "https://konverso-872515286329.d.codeartifact.eu-west-3.amazonaws.com/pypi/pypi-proxy/simple/astroid/4.0.4/astroid-4.0.4.tar.gz", hash = "sha256:986fed8bcf79fb82c78b18a53352a0b287a73817d6dbcfba3162da36667c49a0" }
wheels = [
    { url = "https://konverso-872515286329.d.codeartifact.eu-west-3.amazonaws.com/pypi/pypi-proxy/simple/astroid/4.0.4/astroid-4.0.4-py3-none-any.whl", hash = "sha256:52f39653876c7dec3e3afd4c2696920e05c83832b9737afc21928f2d2eb7a753" },
]

[[package]]
name = "click"
version = "8.4.1"
source = { registry = "https://konverso-872515286329.d.codeartifact.eu-west-3.amazonaws.com/pypi/pypi-proxy/simple/" }
sdist = { url = "https://konverso-872515286329.d.codeartifact.eu-west-3.amazonaws.com/pypi/pypi-proxy/simple/click/8.4.1/click-8.4.1.tar.gz", hash = "sha256:918b5633eddf6b41c32d4f454bf0de810065c74e3f7dbf8ee5452f8be88d3e96" }
wheels = [
    { url = "https://konverso-872515286329.d.codeartifact.eu-west-3.amazonaws.com/pypi/pypi-proxy/simple/click/8.4.1/click-8.4.1-py3-none-any.whl", hash = "sha256:482be17c6991b8c19c5429a1e995d9b0efdbb63172824c41f99965dc0ade8ec2" },
]

[[package]]
name = "coverage"
version = "7.13.5"
source = { registry = "https://konverso-872515286329.d.codeartifact.eu-west-3.amazonaws.com/pypi/pypi-proxy/simple/" }
sdist = { url = "https://konverso-872515286329.d.codeartifact.eu-west-3.amazonaws.com/pypi/pypi-proxy/simple/coverage/7.13.5/coverage-7.13.5.tar.gz", hash = "sha256:c81f6515c4c40141f83f502b07bbfa5c240ba25bbe73da7b33f1e5b6120ff179" }
wheels = [
    { url = "https://konverso-872515286329.d.codeartifact.eu-west-3.amazonaws.com/pypi/pypi-proxy/simple/coverage/7.13.5/coverage-7.13.5-cp312-cp312-manylinux1_x86_64.manylinux_2_28_x86_64.manylinux_2_5_x86_64.whl", hash = "sha256:03ccc709a17a1de074fb1d11f217342fb0d2b1582ed544f554fc9fc3f07e95f5" },
    { url = "https://konverso-872515286329.d.codeartifact.eu-west-3.amazonaws.com/pypi/pypi-proxy/simple/coverage/7.13.5/coverage-7.13.5-cp312-cp312-musllinux_1_2_x86_64.whl", hash = "sha256:a698e363641b98843c517817db75373c83254781426e94ada3197cabbc2c919c" },
    { url = "https://konverso-872515286329.d.codeartifact.eu-west-3.amazonaws.com/pypi/pypi-proxy/simple/coverage/7.13.5/coverage-7.13.5-cp313-cp313-manylinux1_x86_64.manylinux_2_28_x86_64.manylinux_2_5_x86_64.whl", hash = "sha256:78e696e1cc714e57e8b25760b33a8b1026b7048d270140d25dafe1b0a1ee05a3" },
    { url = "https://konverso-872515286329.d.codeartifact.eu-west-3.amazonaws.com/pypi/pypi-proxy/simple/coverage/7.13.5/coverage-7.13.5-cp313-cp313-musllinux_1_2_x86_64.whl", hash = "sha256:ee2aa19e03161671ec964004fb74b2257805d9710bf14a5c704558b9d8dbaf17" },
    { url = "https://konverso-872515286329.d.codeartifact.eu-west-3.amazonaws.com/pypi/pypi-proxy/simple/coverage/7.13.5/coverage-7.13.5-cp313-cp313t-manylinux1_x86_64.manylinux_2_28_x86_64.manylinux_2_5_x86_64.whl", hash = "sha256:4b59148601efcd2bac8c4dbf1f0ad6391693ccf7a74b8205781751637076aee3" },
    { url = "https://konverso-872515286329.d.codeartifact.eu-west-3.amazonaws.com/pypi/pypi-proxy/simple/coverage/7.13.5/coverage-7.13.5-cp313-cp313t-musllinux_1_2_x86_64.whl", hash = "sha256:7f2c47b36fe7709a6e83bfadf4eefb90bd25fbe4014d715224c4316f808e59a2" },
    { url = "https://konverso-872515286329.d.codeartifact.eu-west-3.amazonaws.com/pypi/pypi-proxy/simple/coverage/7.13.5/coverage-7.13.5-cp314-cp314-manylinux1_x86_64.manylinux_2_28_x86_64.manylinux_2_5_x86_64.whl", hash = "sha256:6c36ddb64ed9d7e496028d1d00dfec3e428e0aabf4006583bb1839958d280510" },
    { url = "https://konverso-872515286329.d.codeartifact.eu-west-3.amazonaws.com/pypi/pypi-proxy/simple/coverage/7.13.5/coverage-7.13.5-cp314-cp314-musllinux_1_2_x86_64.whl", hash = "sha256:68a4953be99b17ac3c23b6efbc8a38330d99680c9458927491d18700ef23ded0" },
    { url = "https://konverso-872515286329.d.codeartifact.eu-west-3.amazonaws.com/pypi/pypi-proxy/simple/coverage/7.13.5/coverage-7.13.5-cp314-cp314t-manylinux1_x86_64.manylinux_2_28_x86_64.manylinux_2_5_x86_64.whl", hash = "sha256:9ddb4f4a5479f2539644be484da179b653273bca1a323947d48ab107b3ed1f29" },
    { url = "https://konverso-872515286329.d.codeartifact.eu-west-3.amazonaws.com/pypi/pypi-proxy/simple/coverage/7.13.5/coverage-7.13.5-cp314-cp314t-musllinux_1_2_x86_64.whl", hash = "sha256:cec2d83125531bd153175354055cdb7a09987af08a9430bd173c937c6d0fba2a" },
    { url = "https://konverso-872515286329.d.codeartifact.eu-west-3.amazonaws.com/pypi/pypi-proxy/simple/coverage/7.13.5/coverage-7.13.5-py3-none-any.whl", hash = "sha256:34b02417cf070e173989b3db962f7ed56d2f644307b2cf9d5a0f258e13084a61" },
]

[[package]]
name = "defusedxml"
version = "0.7.1"
source = { registry = "https://konverso-872515286329.d.codeartifact.eu-west-3.amazonaws.com/pypi/pypi-proxy/simple/" }
sdist = { url = "https://konverso-872515286329.d.codeartifact.eu-west-3.amazonaws.com/pypi/pypi-proxy/simple/defusedxml/0.7.1/defusedxml-0.7.1.tar.gz", hash = "sha256:1bb3032db185915b62d7c6209c5a8792be6a32ab2fedacc84e01b52c51aa3e69" }
wheels = [
    { url = "https://konverso-872515286329.d.codeartifact.eu-west-3.amazonaws.com/pypi/pypi-proxy/simple/defusedxml/0.7.1/defusedxml-0.7.1-py2.py3-none-any.whl", hash = "sha256:a352e7e428770286cc899e2542b6cdaedb2b4953ff269a210103ec58f6198a61" },
]

[[package]]
name = "deptry"
version = "0.25.1"
source = { registry = "https://konverso-872515286329.d.codeartifact.eu-west-3.amazonaws.com/pypi/pypi-proxy/simple/" }
dependencies = [
    { name = "click", marker = "python_full_version < '3.13' and platform_machine == 'x86_64' and sys_platform == 'linux'" },
    { name = "packaging", marker = "python_full_version < '3.13' and platform_machine == 'x86_64' and sys_platform == 'linux'" },
    { name = "requirements-parser", marker = "python_full_version < '3.13' and platform_machine == 'x86_64' and sys_platform == 'linux'" },
    { name = "tomli", marker = "python_full_version < '3.13' and platform_machine == 'x86_64' and sys_platform == 'linux'" },
]
sdist = { url = "https://konverso-872515286329.d.codeartifact.eu-west-3.amazonaws.com/pypi/pypi-proxy/simple/deptry/0.25.1/deptry-0.25.1.tar.gz", hash = "sha256:45c8cd982c85cd4faae573ddff6920de7eec735336db6973f26a765ae7950f7d" }
wheels = [
    { url = "https://konverso-872515286329.d.codeartifact.eu-west-3.amazonaws.com/pypi/pypi-proxy/simple/deptry/0.25.1/deptry-0.25.1-cp310-abi3-manylinux_2_17_x86_64.manylinux2014_x86_64.whl", hash = "sha256:14bfcc28b4326ed8c6abb30691b19077d4ef8613cfba6c37ef5b1f471775bf6f" },
    { url = "https://konverso-872515286329.d.codeartifact.eu-west-3.amazonaws.com/pypi/pypi-proxy/simple/deptry/0.25.1/deptry-0.25.1-cp310-abi3-musllinux_1_1_x86_64.whl", hash = "sha256:18d21b3545ab2bfec53f3f45c6f5f201d55f713323327f8d12674505469ae6b7" },
]

[[package]]
name = "dill"
version = "0.4.1"
source = { registry = "https://konverso-872515286329.d.codeartifact.eu-west-3.amazonaws.com/pypi/pypi-proxy/simple/" }
sdist = { url = "https://konverso-872515286329.d.codeartifact.eu-west-3.amazonaws.com/pypi/pypi-proxy/simple/dill/0.4.1/dill-0.4.1.tar.gz", hash = "sha256:423092df4182177d4d8ba8290c8a5b640c66ab35ec7da59ccfa00f6fa3eea5fa" }
wheels = [
    { url = "https://konverso-872515286329.d.codeartifact.eu-west-3.amazonaws.com/pypi/pypi-proxy/simple/dill/0.4.1/dill-0.4.1-py3-none-any.whl", hash = "sha256:1e1ce33e978ae97fcfcff5638477032b801c46c7c65cf717f95fbc2248f79a9d" },
]

[[package]]
name = "iniconfig"
version = "2.3.0"
source = { registry = "https://konverso-872515286329.d.codeartifact.eu-west-3.amazonaws.com/pypi/pypi-proxy/simple/" }
sdist = { url = "https://konverso-872515286329.d.codeartifact.eu-west-3.amazonaws.com/pypi/pypi-proxy/simple/iniconfig/2.3.0/iniconfig-2.3.0.tar.gz", hash = "sha256:c76315c77db068650d49c5b56314774a7804df16fee4402c1f19d6d15d8c4730" }
wheels = [
    { url = "https://konverso-872515286329.d.codeartifact.eu-west-3.amazonaws.com/pypi/pypi-proxy/simple/iniconfig/2.3.0/iniconfig-2.3.0-py3-none-any.whl", hash = "sha256:f631c04d2c48c52b84d0d0549c99ff3859c98df65b3101406327ecc7d53fbf12" },
]

[[package]]
name = "isort"
version = "8.0.1"
source = { registry = "https://konverso-872515286329.d.codeartifact.eu-west-3.amazonaws.com/pypi/pypi-proxy/simple/" }
sdist = { url = "https://konverso-872515286329.d.codeartifact.eu-west-3.amazonaws.com/pypi/pypi-proxy/simple/isort/8.0.1/isort-8.0.1.tar.gz", hash = "sha256:171ac4ff559cdc060bcfff550bc8404a486fee0caab245679c2abe7cb253c78d" }
wheels = [
    { url = "https://konverso-872515286329.d.codeartifact.eu-west-3.amazonaws.com/pypi/pypi-proxy/simple/isort/8.0.1/isort-8.0.1-py3-none-any.whl", hash = "sha256:28b89bc70f751b559aeca209e6120393d43fbe2490de0559662be7a9787e3d75" },
]

[[package]]
name = "kbot-installer"
version = "2.0.0"
source = { editable = "." }
dependencies = [
    { name = "defusedxml", marker = "python_full_version < '3.13' and platform_machine == 'x86_64' and sys_platform == 'linux'" },
]

[package.dev-dependencies]
deps = [
    { name = "deptry", marker = "python_full_version < '3.13' and platform_machine == 'x86_64' and sys_platform == 'linux'" },
]
dev = [
    { name = "deptry", marker = "python_full_version < '3.13' and platform_machine == 'x86_64' and sys_platform == 'linux'" },
    { name = "psycopg", extra = ["binary"], marker = "python_full_version < '3.13' and platform_machine == 'x86_64' and sys_platform == 'linux'" },
    { name = "pylint", marker = "python_full_version < '3.13' and platform_machine == 'x86_64' and sys_platform == 'linux'" },
    { name = "pylint-django", marker = "python_full_version < '3.13' and platform_machine == 'x86_64' and sys_platform == 'linux'" },
    { name = "pylint-django-settings", marker = "python_full_version < '3.13' and platform_machine == 'x86_64' and sys_platform == 'linux'" },
    { name = "pylint-plugin-utils", marker = "python_full_version < '3.13' and platform_machine == 'x86_64' and sys_platform == 'linux'" },
    { name = "pytest", marker = "python_full_version < '3.13' and platform_machine == 'x86_64' and sys_platform == 'linux'" },
    { name = "pytest-asyncio", marker = "python_full_version < '3.13' and platform_machine == 'x86_64' and sys_platform == 'linux'" },
    { name = "pytest-cov", marker = "python_full_version < '3.13' and platform_machine == 'x86_64' and sys_platform == 'linux'" },
    { name = "ruff", marker = "python_full_version < '3.13' and platform_machine == 'x86_64' and sys_platform == 'linux'" },
    { name = "ty", marker = "python_full_version < '3.13' and platform_machine == 'x86_64' and sys_platform == 'linux'" },
]
lint = [
    { name = "pylint", marker = "python_full_version < '3.13' and platform_machine == 'x86_64' and sys_platform == 'linux'" },
    { name = "pylint-django", marker = "python_full_version < '3.13' and platform_machine == 'x86_64' and sys_platform == 'linux'" },
    { name = "pylint-django-settings", marker = "python_full_version < '3.13' and platform_machine == 'x86_64' and sys_platform == 'linux'" },
    { name = "pylint-plugin-utils", marker = "python_full_version < '3.13' and platform_machine == 'x86_64' and sys_platform == 'linux'" },
    { name = "ruff", marker = "python_full_version < '3.13' and platform_machine == 'x86_64' and sys_platform == 'linux'" },
]
test = [
    { name = "pytest", marker = "python_full_version < '3.13' and platform_machine == 'x86_64' and sys_platform == 'linux'" },
    { name = "pytest-asyncio", marker = "python_full_version < '3.13' and platform_machine == 'x86_64' and sys_platform == 'linux'" },
    { name = "pytest-cov", marker = "python_full_version < '3.13' and platform_machine == 'x86_64' and sys_platform == 'linux'" },
]
typecheck = [
    { name = "ty", marker = "python_full_version < '3.13' and platform_machine == 'x86_64' and sys_platform == 'linux'" },
]

[package.metadata]
requires-dist = [{ name = "defusedxml" }]

[package.metadata.requires-dev]
deps = [{ name = "deptry" }]
dev = [
    { name = "deptry" },
    { name = "psycopg", extras = ["binary"], specifier = "==3.2.10" },
    { name = "pylint" },
    { name = "pylint-django" },
    { name = "pylint-django-settings" },
    { name = "pylint-plugin-utils" },
    { name = "pytest" },
    { name = "pytest-asyncio" },
    { name = "pytest-cov" },
    { name = "ruff" },
    { name = "ty" },
]
lint = [
    { name = "pylint" },
    { name = "pylint-django" },
    { name = "pylint-django-settings" },
    { name = "pylint-plugin-utils" },
    { name = "ruff" },
]
test = [
    { name = "pytest" },
    { name = "pytest-asyncio" },
    { name = "pytest-cov" },
]
typecheck = [{ name = "ty" }]

[[package]]
name = "mccabe"
version = "0.7.0"
source = { registry = "https://konverso-872515286329.d.codeartifact.eu-west-3.amazonaws.com/pypi/pypi-proxy/simple/" }
sdist = { url = "https://konverso-872515286329.d.codeartifact.eu-west-3.amazonaws.com/pypi/pypi-proxy/simple/mccabe/0.7.0/mccabe-0.7.0.tar.gz", hash = "sha256:348e0240c33b60bbdf4e523192ef919f28cb2c3d7d5c7794f74009290f236325" }
wheels = [
    { url = "https://konverso-872515286329.d.codeartifact.eu-west-3.amazonaws.com/pypi/pypi-proxy/simple/mccabe/0.7.0/mccabe-0.7.0-py2.py3-none-any.whl", hash = "sha256:6c2d30ab6be0e4a46919781807b4f0d834ebdd6c6e3dca0bda5a15f863427b6e" },
]

[[package]]
name = "packaging"
version = "26.1"
source = { registry = "https://konverso-872515286329.d.codeartifact.eu-west-3.amazonaws.com/pypi/pypi-proxy/simple/" }
sdist = { url = "https://konverso-872515286329.d.codeartifact.eu-west-3.amazonaws.com/pypi/pypi-proxy/simple/packaging/26.1/packaging-26.1.tar.gz", hash = "sha256:f042152b681c4bfac5cae2742a55e103d27ab2ec0f3d88037136b6bfe7c9c5de" }
wheels = [
    { url = "https://konverso-872515286329.d.codeartifact.eu-west-3.amazonaws.com/pypi/pypi-proxy/simple/packaging/26.1/packaging-26.1-py3-none-any.whl", hash = "sha256:5d9c0669c6285e491e0ced2eee587eaf67b670d94a19e94e3984a481aba6802f" },
]

[[package]]
name = "platformdirs"
version = "4.9.6"
source = { registry = "https://konverso-872515286329.d.codeartifact.eu-west-3.amazonaws.com/pypi/pypi-proxy/simple/" }
sdist = { url = "https://konverso-872515286329.d.codeartifact.eu-west-3.amazonaws.com/pypi/pypi-proxy/simple/platformdirs/4.9.6/platformdirs-4.9.6.tar.gz", hash = "sha256:3bfa75b0ad0db84096ae777218481852c0ebc6c727b3168c1b9e0118e458cf0a" }
wheels = [
    { url = "https://konverso-872515286329.d.codeartifact.eu-west-3.amazonaws.com/pypi/pypi-proxy/simple/platformdirs/4.9.6/platformdirs-4.9.6-py3-none-any.whl", hash = "sha256:e61adb1d5e5cb3441b4b7710bea7e4c12250ca49439228cc1021c00dcfac0917" },
]

[[package]]
name = "pluggy"
version = "1.6.0"
source = { registry = "https://konverso-872515286329.d.codeartifact.eu-west-3.amazonaws.com/pypi/pypi-proxy/simple/" }
sdist = { url = "https://konverso-872515286329.d.codeartifact.eu-west-3.amazonaws.com/pypi/pypi-proxy/simple/pluggy/1.6.0/pluggy-1.6.0.tar.gz", hash = "sha256:7dcc130b76258d33b90f61b658791dede3486c3e6bfb003ee5c9bfb396dd22f3" }
wheels = [
    { url = "https://konverso-872515286329.d.codeartifact.eu-west-3.amazonaws.com/pypi/pypi-proxy/simple/pluggy/1.6.0/pluggy-1.6.0-py3-none-any.whl", hash = "sha256:e920276dd6813095e9377c0bc5566d94c932c33b27a3e3945d8389c374dd4746" },
]

[[package]]
name = "psycopg"
version = "3.2.10"
source = { registry = "https://konverso-872515286329.d.codeartifact.eu-west-3.amazonaws.com/pypi/pypi-proxy/simple/" }
dependencies = [
    { name = "typing-extensions", marker = "python_full_version < '3.13' and platform_machine == 'x86_64' and sys_platform == 'linux'" },
]
sdist = { url = "https://konverso-872515286329.d.codeartifact.eu-west-3.amazonaws.com/pypi/pypi-proxy/simple/psycopg/3.2.10/psycopg-3.2.10.tar.gz", hash = "sha256:0bce99269d16ed18401683a8569b2c5abd94f72f8364856d56c0389bcd50972a" }
wheels = [
    { url = "https://konverso-872515286329.d.codeartifact.eu-west-3.amazonaws.com/pypi/pypi-proxy/simple/psycopg/3.2.10/psycopg-3.2.10-py3-none-any.whl", hash = "sha256:ab5caf09a9ec42e314a21f5216dbcceac528e0e05142e42eea83a3b28b320ac3" },
]

[package.optional-dependencies]
binary = [
    { name = "psycopg-binary", marker = "python_full_version < '3.13' and implementation_name != 'pypy' and platform_machine == 'x86_64' and sys_platform == 'linux'" },
]

[[package]]
name = "psycopg-binary"
version = "3.2.10"
source = { registry = "https://konverso-872515286329.d.codeartifact.eu-west-3.amazonaws.com/pypi/pypi-proxy/simple/" }
wheels = [
    { url = "https://konverso-872515286329.d.codeartifact.eu-west-3.amazonaws.com/pypi/pypi-proxy/simple/psycopg-binary/3.2.10/psycopg_binary-3.2.10-cp312-cp312-manylinux2014_x86_64.manylinux_2_17_x86_64.whl", hash = "sha256:14bcbcac0cab465d88b2581e43ec01af4b01c9833e663f1352e05cb41be19e44" },
    { url = "https://konverso-872515286329.d.codeartifact.eu-west-3.amazonaws.com/pypi/pypi-proxy/simple/psycopg-binary/3.2.10/psycopg_binary-3.2.10-cp312-cp312-musllinux_1_2_x86_64.whl", hash = "sha256:299834cce3eec0c48aae5a5207fc8f0c558fd65f2ceab1a36693329847da956b" },
    { url = "https://konverso-872515286329.d.codeartifact.eu-west-3.amazonaws.com/pypi/pypi-proxy/simple/psycopg-binary/3.2.10/psycopg_binary-3.2.10-cp313-cp313-manylinux2014_x86_64.manylinux_2_17_x86_64.whl", hash = "sha256:a92ff1c2cd79b3966d6a87e26ceb222ecd5581b5ae4b58961f126af806a861ed" },
    { url = "https://konverso-872515286329.d.codeartifact.eu-west-3.amazonaws.com/pypi/pypi-proxy/simple/psycopg-binary/3.2.10/psycopg_binary-3.2.10-cp313-cp313-musllinux_1_2_x86_64.whl", hash = "sha256:2028073fc12cd70ba003309d1439c0c4afab4a7eee7653b8c91213064fffe12b" },
    { url = "https://konverso-872515286329.d.codeartifact.eu-west-3.amazonaws.com/pypi/pypi-proxy/simple/psycopg-binary/3.2.10/psycopg_binary-3.2.10-cp314-cp314-manylinux2014_x86_64.manylinux_2_17_x86_64.whl", hash = "sha256:0c2b95e83fda70ed2b0b4fadd8538572e4a4d987b721823981862d1ab56cc760" },
    { url = "https://konverso-872515286329.d.codeartifact.eu-west-3.amazonaws.com/pypi/pypi-proxy/simple/psycopg-binary/3.2.10/psycopg_binary-3.2.10-cp314-cp314-musllinux_1_2_x86_64.whl", hash = "sha256:bf30dcf6aaaa8d4779a20d2158bdf81cc8e84ce8eee595d748a7671c70c7b890" },
]

[[package]]
name = "pygments"
version = "2.20.0"
source = { registry = "https://konverso-872515286329.d.codeartifact.eu-west-3.amazonaws.com/pypi/pypi-proxy/simple/" }
sdist = { url = "https://konverso-872515286329.d.codeartifact.eu-west-3.amazonaws.com/pypi/pypi-proxy/simple/pygments/2.20.0/pygments-2.20.0.tar.gz", hash = "sha256:6757cd03768053ff99f3039c1a36d6c0aa0b263438fcab17520b30a303a82b5f" }
wheels = [
    { url = "https://konverso-872515286329.d.codeartifact.eu-west-3.amazonaws.com/pypi/pypi-proxy/simple/pygments/2.20.0/pygments-2.20.0-py3-none-any.whl", hash = "sha256:81a9e26dd42fd28a23a2d169d86d7ac03b46e2f8b59ed4698fb4785f946d0176" },
]

[[package]]
name = "pylint"
version = "4.0.5"
source = { registry = "https://konverso-872515286329.d.codeartifact.eu-west-3.amazonaws.com/pypi/pypi-proxy/simple/" }
dependencies = [
    { name = "astroid", marker = "python_full_version < '3.13' and platform_machine == 'x86_64' and sys_platform == 'linux'" },
    { name = "dill", marker = "python_full_version < '3.13' and platform_machine == 'x86_64' and sys_platform == 'linux'" },
    { name = "isort", marker = "python_full_version < '3.13' and platform_machine == 'x86_64' and sys_platform == 'linux'" },
    { name = "mccabe", marker = "python_full_version < '3.13' and platform_machine == 'x86_64' and sys_platform == 'linux'" },
    { name = "platformdirs", marker = "python_full_version < '3.13' and platform_machine == 'x86_64' and sys_platform == 'linux'" },
    { name = "tomlkit", marker = "python_full_version < '3.13' and platform_machine == 'x86_64' and sys_platform == 'linux'" },
]
sdist = { url = "https://konverso-872515286329.d.codeartifact.eu-west-3.amazonaws.com/pypi/pypi-proxy/simple/pylint/4.0.5/pylint-4.0.5.tar.gz", hash = "sha256:8cd6a618df75deb013bd7eb98327a95f02a6fb839205a6bbf5456ef96afb317c" }
wheels = [
    { url = "https://konverso-872515286329.d.codeartifact.eu-west-3.amazonaws.com/pypi/pypi-proxy/simple/pylint/4.0.5/pylint-4.0.5-py3-none-any.whl", hash = "sha256:00f51c9b14a3b3ae08cff6b2cdd43f28165c78b165b628692e428fb1f8dc2cf2" },
]

[[package]]
name = "pylint-django"
version = "2.7.0"
source = { registry = "https://konverso-872515286329.d.codeartifact.eu-west-3.amazonaws.com/pypi/pypi-proxy/simple/" }
dependencies = [
    { name = "pylint", marker = "python_full_version < '3.13' and platform_machine == 'x86_64' and sys_platform == 'linux'" },
    { name = "pylint-plugin-utils", marker = "python_full_version < '3.13' and platform_machine == 'x86_64' and sys_platform == 'linux'" },
]
wheels = [
    { url = "https://konverso-872515286329.d.codeartifact.eu-west-3.amazonaws.com/pypi/pypi-proxy/simple/pylint-django/2.7.0/pylint_django-2.7.0-py3-none-any.whl", hash = "sha256:76ef7e7bbbcf7ee86adbb2beac0ffaa7232509a17bf4a488d81467a1bbaa215b" },
]

[[package]]
name = "pylint-django-settings"
version = "1.0.0"
source = { registry = "https://konverso-872515286329.d.codeartifact.eu-west-3.amazonaws.com/pypi/pypi-proxy/simple/" }
dependencies = [
    { name = "setuptools", marker = "python_full_version < '3.13' and platform_machine == 'x86_64' and sys_platform == 'linux'" },
]
sdist = { url = "https://konverso-872515286329.d.codeartifact.eu-west-3.amazonaws.com/pypi/pypi-proxy/simple/pylint-django-settings/1.0.0/pylint-django-settings-1.0.0.tar.gz", hash = "sha256:9a303441168fb1227b5978ca1121b204e62255de94d00ba3e15608683c0ad72a" }

[[package]]
name = "pylint-plugin-utils"
version = "0.9.0"
source = { registry = "https://konverso-872515286329.d.codeartifact.eu-west-3.amazonaws.com/pypi/pypi-proxy/simple/" }
dependencies = [
    { name = "pylint", marker = "python_full_version < '3.13' and platform_machine == 'x86_64' and sys_platform == 'linux'" },
]
sdist = { url = "https://konverso-872515286329.d.codeartifact.eu-west-3.amazonaws.com/pypi/pypi-proxy/simple/pylint-plugin-utils/0.9.0/pylint_plugin_utils-0.9.0.tar.gz", hash = "sha256:5468d763878a18d5cc4db46eaffdda14313b043c962a263a7d78151b90132055" }
wheels = [
    { url = "https://konverso-872515286329.d.codeartifact.eu-west-3.amazonaws.com/pypi/pypi-proxy/simple/pylint-plugin-utils/0.9.0/pylint_plugin_utils-0.9.0-py3-none-any.whl", hash = "sha256:16e9b84e5326ba893a319a0323fcc8b4bcc9c71fc654fcabba0605596c673818" },
]

[[package]]
name = "pytest"
version = "9.0.3"
source = { registry = "https://konverso-872515286329.d.codeartifact.eu-west-3.amazonaws.com/pypi/pypi-proxy/simple/" }
dependencies = [
    { name = "iniconfig", marker = "python_full_version < '3.13' and platform_machine == 'x86_64' and sys_platform == 'linux'" },
    { name = "packaging", marker = "python_full_version < '3.13' and platform_machine == 'x86_64' and sys_platform == 'linux'" },
    { name = "pluggy", marker = "python_full_version < '3.13' and platform_machine == 'x86_64' and sys_platform == 'linux'" },
    { name = "pygments", marker = "python_full_version < '3.13' and platform_machine == 'x86_64' and sys_platform == 'linux'" },
]
sdist = { url = "https://konverso-872515286329.d.codeartifact.eu-west-3.amazonaws.com/pypi/pypi-proxy/simple/pytest/9.0.3/pytest-9.0.3.tar.gz", hash = "sha256:b86ada508af81d19edeb213c681b1d48246c1a91d304c6c81a427674c17eb91c" }
wheels = [
    { url = "https://konverso-872515286329.d.codeartifact.eu-west-3.amazonaws.com/pypi/pypi-proxy/simple/pytest/9.0.3/pytest-9.0.3-py3-none-any.whl", hash = "sha256:2c5efc453d45394fdd706ade797c0a81091eccd1d6e4bccfcd476e2b8e0ab5d9" },
]

[[package]]
name = "pytest-asyncio"
version = "1.4.0"
source = { registry = "https://konverso-872515286329.d.codeartifact.eu-west-3.amazonaws.com/pypi/pypi-proxy/simple/" }
dependencies = [
    { name = "pytest", marker = "python_full_version < '3.13' and platform_machine == 'x86_64' and sys_platform == 'linux'" },
    { name = "typing-extensions", marker = "python_full_version < '3.13' and platform_machine == 'x86_64' and sys_platform == 'linux'" },
]
sdist = { url = "https://konverso-872515286329.d.codeartifact.eu-west-3.amazonaws.com/pypi/pypi-proxy/simple/pytest-asyncio/1.4.0/pytest_asyncio-1.4.0.tar.gz", hash = "sha256:c6c0d2259945122819f171a32ecea2c349ead889ee28176caaf492143424be42" }
wheels = [
    { url = "https://konverso-872515286329.d.codeartifact.eu-west-3.amazonaws.com/pypi/pypi-proxy/simple/pytest-asyncio/1.4.0/pytest_asyncio-1.4.0-py3-none-any.whl", hash = "sha256:933ca923a23075a87fb7070c0ec272a6848489824d887c85c812670932835aa1" },
]

[[package]]
name = "pytest-cov"
version = "7.1.0"
source = { registry = "https://konverso-872515286329.d.codeartifact.eu-west-3.amazonaws.com/pypi/pypi-proxy/simple/" }
dependencies = [
    { name = "coverage", marker = "python_full_version < '3.13' and platform_machine == 'x86_64' and sys_platform == 'linux'" },
    { name = "pluggy", marker = "python_full_version < '3.13' and platform_machine == 'x86_64' and sys_platform == 'linux'" },
    { name = "pytest", marker = "python_full_version < '3.13' and platform_machine == 'x86_64' and sys_platform == 'linux'" },
]
sdist = { url = "https://konverso-872515286329.d.codeartifact.eu-west-3.amazonaws.com/pypi/pypi-proxy/simple/pytest-cov/7.1.0/pytest_cov-7.1.0.tar.gz", hash = "sha256:30674f2b5f6351aa09702a9c8c364f6a01c27aae0c1366ae8016160d1efc56b2" }
wheels = [
    { url = "https://konverso-872515286329.d.codeartifact.eu-west-3.amazonaws.com/pypi/pypi-proxy/simple/pytest-cov/7.1.0/pytest_cov-7.1.0-py3-none-any.whl", hash = "sha256:a0461110b7865f9a271aa1b51e516c9a95de9d696734a2f71e3e78f46e1d4678" },
]

[[package]]
name = "requirements-parser"
version = "0.13.0"
source = { registry = "https://konverso-872515286329.d.codeartifact.eu-west-3.amazonaws.com/pypi/pypi-proxy/simple/" }
dependencies = [
    { name = "packaging", marker = "python_full_version < '3.13' and platform_machine == 'x86_64' and sys_platform == 'linux'" },
]
sdist = { url = "https://konverso-872515286329.d.codeartifact.eu-west-3.amazonaws.com/pypi/pypi-proxy/simple/requirements-parser/0.13.0/requirements_parser-0.13.0.tar.gz", hash = "sha256:0843119ca2cb2331de4eb31b10d70462e39ace698fd660a915c247d2301a4418" }
wheels = [
    { url = "https://konverso-872515286329.d.codeartifact.eu-west-3.amazonaws.com/pypi/pypi-proxy/simple/requirements-parser/0.13.0/requirements_parser-0.13.0-py3-none-any.whl", hash = "sha256:2b3173faecf19ec5501971b7222d38f04cb45bb9d87d0ad629ca71e2e62ded14" },
]

[[package]]
name = "ruff"
version = "0.15.11"
source = { registry = "https://konverso-872515286329.d.codeartifact.eu-west-3.amazonaws.com/pypi/pypi-proxy/simple/" }
sdist = { url = "https://konverso-872515286329.d.codeartifact.eu-west-3.amazonaws.com/pypi/pypi-proxy/simple/ruff/0.15.11/ruff-0.15.11.tar.gz", hash = "sha256:f092b21708bf0e7437ce9ada249dfe688ff9a0954fc94abab05dcea7dcd29c33" }
wheels = [
    { url = "https://konverso-872515286329.d.codeartifact.eu-west-3.amazonaws.com/pypi/pypi-proxy/simple/ruff/0.15.11/ruff-0.15.11-py3-none-manylinux_2_17_x86_64.manylinux2014_x86_64.whl", hash = "sha256:1bef2cb556d509259f1fe440bb9cd33c756222cf0a7afe90d15edf0866702431" },
    { url = "https://konverso-872515286329.d.codeartifact.eu-west-3.amazonaws.com/pypi/pypi-proxy/simple/ruff/0.15.11/ruff-0.15.11-py3-none-musllinux_1_2_x86_64.whl", hash = "sha256:06f483d6646f59eaffba9ae30956370d3a886625f511a3108994000480621d1c" },
]

[[package]]
name = "setuptools"
version = "82.0.1"
source = { registry = "https://konverso-872515286329.d.codeartifact.eu-west-3.amazonaws.com/pypi/pypi-proxy/simple/" }
sdist = { url = "https://konverso-872515286329.d.codeartifact.eu-west-3.amazonaws.com/pypi/pypi-proxy/simple/setuptools/82.0.1/setuptools-82.0.1.tar.gz", hash = "sha256:7d872682c5d01cfde07da7bccc7b65469d3dca203318515ada1de5eda35efbf9" }
wheels = [
    { url = "https://konverso-872515286329.d.codeartifact.eu-west-3.amazonaws.com/pypi/pypi-proxy/simple/setuptools/82.0.1/setuptools-82.0.1-py3-none-any.whl", hash = "sha256:a59e362652f08dcd477c78bb6e7bd9d80a7995bc73ce773050228a348ce2e5bb" },
]

[[package]]
name = "tomli"
version = "2.4.1"
source = { registry = "https://konverso-872515286329.d.codeartifact.eu-west-3.amazonaws.com/pypi/pypi-proxy/simple/" }
sdist = { url = "https://konverso-872515286329.d.codeartifact.eu-west-3.amazonaws.com/pypi/pypi-proxy/simple/tomli/2.4.1/tomli-2.4.1.tar.gz", hash = "sha256:7c7e1a961a0b2f2472c1ac5b69affa0ae1132c39adcb67aba98568702b9cc23f" }
wheels = [
    { url = "https://konverso-872515286329.d.codeartifact.eu-west-3.amazonaws.com/pypi/pypi-proxy/simple/tomli/2.4.1/tomli-2.4.1-cp312-cp312-manylinux2014_x86_64.manylinux_2_17_x86_64.manylinux_2_28_x86_64.whl", hash = "sha256:136443dbd7e1dee43c68ac2694fde36b2849865fa258d39bf822c10e8068eac5" },
    { url = "https://konverso-872515286329.d.codeartifact.eu-west-3.amazonaws.com/pypi/pypi-proxy/simple/tomli/2.4.1/tomli-2.4.1-cp312-cp312-musllinux_1_2_x86_64.whl", hash = "sha256:5cb41aa38891e073ee49d55fbc7839cfdb2bc0e600add13874d048c94aadddd1" },
    { url = "https://konverso-872515286329.d.codeartifact.eu-west-3.amazonaws.com/pypi/pypi-proxy/simple/tomli/2.4.1/tomli-2.4.1-cp313-cp313-manylinux2014_x86_64.manylinux_2_17_x86_64.manylinux_2_28_x86_64.whl", hash = "sha256:f3c6818a1a86dd6dca7ddcaaf76947d5ba31aecc28cb1b67009a5877c9a64f3f" },
    { url = "https://konverso-872515286329.d.codeartifact.eu-west-3.amazonaws.com/pypi/pypi-proxy/simple/tomli/2.4.1/tomli-2.4.1-cp313-cp313-musllinux_1_2_x86_64.whl", hash = "sha256:51529d40e3ca50046d7606fa99ce3956a617f9b36380da3b7f0dd3dd28e68cb5" },
    { url = "https://konverso-872515286329.d.codeartifact.eu-west-3.amazonaws.com/pypi/pypi-proxy/simple/tomli/2.4.1/tomli-2.4.1-cp314-cp314-manylinux2014_x86_64.manylinux_2_17_x86_64.manylinux_2_28_x86_64.whl", hash = "sha256:01f520d4f53ef97964a240a035ec2a869fe1a37dde002b57ebc4417a27ccd853" },
    { url = "https://konverso-872515286329.d.codeartifact.eu-west-3.amazonaws.com/pypi/pypi-proxy/simple/tomli/2.4.1/tomli-2.4.1-cp314-cp314-musllinux_1_2_x86_64.whl", hash = "sha256:ede3e6487c5ef5d28634ba3f31f989030ad6af71edfb0055cbbd14189ff240ba" },
    { url = "https://konverso-872515286329.d.codeartifact.eu-west-3.amazonaws.com/pypi/pypi-proxy/simple/tomli/2.4.1/tomli-2.4.1-cp314-cp314t-manylinux2014_x86_64.manylinux_2_17_x86_64.manylinux_2_28_x86_64.whl", hash = "sha256:734e20b57ba95624ecf1841e72b53f6e186355e216e5412de414e3c51e5e3c41" },
    { url = "https://konverso-872515286329.d.codeartifact.eu-west-3.amazonaws.com/pypi/pypi-proxy/simple/tomli/2.4.1/tomli-2.4.1-cp314-cp314t-musllinux_1_2_x86_64.whl", hash = "sha256:504aa796fe0569bb43171066009ead363de03675276d2d121ac1a4572397870f" },
    { url = "https://konverso-872515286329.d.codeartifact.eu-west-3.amazonaws.com/pypi/pypi-proxy/simple/tomli/2.4.1/tomli-2.4.1-py3-none-any.whl", hash = "sha256:0d85819802132122da43cb86656f8d1f8c6587d54ae7dcaf30e90533028b49fe" },
]

[[package]]
name = "tomlkit"
version = "0.14.0"
source = { registry = "https://konverso-872515286329.d.codeartifact.eu-west-3.amazonaws.com/pypi/pypi-proxy/simple/" }
sdist = { url = "https://konverso-872515286329.d.codeartifact.eu-west-3.amazonaws.com/pypi/pypi-proxy/simple/tomlkit/0.14.0/tomlkit-0.14.0.tar.gz", hash = "sha256:cf00efca415dbd57575befb1f6634c4f42d2d87dbba376128adb42c121b87064" }
wheels = [
    { url = "https://konverso-872515286329.d.codeartifact.eu-west-3.amazonaws.com/pypi/pypi-proxy/simple/tomlkit/0.14.0/tomlkit-0.14.0-py3-none-any.whl", hash = "sha256:592064ed85b40fa213469f81ac584f67a4f2992509a7c3ea2d632208623a3680" },
]

[[package]]
name = "ty"
version = "0.0.31"
source = { registry = "https://konverso-872515286329.d.codeartifact.eu-west-3.amazonaws.com/pypi/pypi-proxy/simple/" }
sdist = { url = "https://konverso-872515286329.d.codeartifact.eu-west-3.amazonaws.com/pypi/pypi-proxy/simple/ty/0.0.31/ty-0.0.31.tar.gz", hash = "sha256:4a4094292d9671caf3b510c7edf36991acd9c962bb5d97205374ffed9f541c45" }
wheels = [
    { url = "https://konverso-872515286329.d.codeartifact.eu-west-3.amazonaws.com/pypi/pypi-proxy/simple/ty/0.0.31/ty-0.0.31-py3-none-manylinux_2_17_x86_64.manylinux2014_x86_64.whl", hash = "sha256:c906354ce441e342646582bc9b8f48a676f79f3d061e25de15ff870e015ca14e" },
    { url = "https://konverso-872515286329.d.codeartifact.eu-west-3.amazonaws.com/pypi/pypi-proxy/simple/ty/0.0.31/ty-0.0.31-py3-none-musllinux_1_2_x86_64.whl", hash = "sha256:5ee11be9b07e8c0c6b455ff075a0abe4f194de9476f57624db98eec9df618355" },
]

[[package]]
name = "typing-extensions"
version = "4.15.0"
source = { registry = "https://konverso-872515286329.d.codeartifact.eu-west-3.amazonaws.com/pypi/pypi-proxy/simple/" }
sdist = { url = "https://konverso-872515286329.d.codeartifact.eu-west-3.amazonaws.com/pypi/pypi-proxy/simple/typing-extensions/4.15.0/typing_extensions-4.15.0.tar.gz", hash = "sha256:0cea48d173cc12fa28ecabc3b837ea3cf6f38c6d1136f85cbaaf598984861466" }
wheels = [
    { url = "https://konverso-872515286329.d.codeartifact.eu-west-3.amazonaws.com/pypi/pypi-proxy/simple/typing-extensions/4.15.0/typing_extensions-4.15.0-py3-none-any.whl", hash = "sha256:f0fa19c6845758ab08074a0cfa8b7aecb71c999ca73d62883bc25cc018c4e548" },
]
